
Microsoft Visual Studio Solution File, Format Version 12.00
# Visual Studio 15
Project("{FAE04EC0-301F-11D3-BF4B-00C04F79EFBC}") = "Unity.Timeline", "Unity.Timeline.csproj", "{BCDDD8B6-F29E-0821-1F21-2BECD1182089}"
EndProject
Project("{FAE04EC0-301F-11D3-BF4B-00C04F79EFBC}") = "Unity.RenderPipelines.GPUDriven.Runtime", "Unity.RenderPipelines.GPUDriven.Runtime.csproj", "{ADEF438B-DE26-214F-A09A-4095321BE0C6}"
EndProject
Project("{FAE04EC0-301F-11D3-BF4B-00C04F79EFBC}") = "Unity.PlasticSCM.Editor", "Unity.PlasticSCM.Editor.csproj", "{85431844-D22D-7AFD-1230-B4440E96FF1E}"
EndProject
Project("{FAE04EC0-301F-11D3-BF4B-00C04F79EFBC}") = "Unity.2D.Aseprite.Editor", "Unity.2D.Aseprite.Editor.csproj", "{47DB02D2-A114-07B2-DEB3-A76C88CACABB}"
EndProject
Project("{FAE04EC0-301F-11D3-BF4B-00C04F79EFBC}") = "Unity.ShaderGraph.Editor", "Unity.ShaderGraph.Editor.csproj", "{306036D6-8FAE-AA46-EA2F-02704D121DE3}"
EndProject
Project("{FAE04EC0-301F-11D3-BF4B-00C04F79EFBC}") = "Unity.RenderPipelines.Core.Runtime", "Unity.RenderPipelines.Core.Runtime.csproj", "{F1A42C6F-C345-3E40-9376-E6B295CA9D86}"
EndProject
Project("{FAE04EC0-301F-11D3-BF4B-00C04F79EFBC}") = "Unity.Mathematics", "Unity.Mathematics.csproj", "{8F780F33-9936-D06F-72DB-9CC9EE501554}"
EndProject
Project("{FAE04EC0-301F-11D3-BF4B-00C04F79EFBC}") = "Unity.Timeline.Editor", "Unity.Timeline.Editor.csproj", "{4662E0FA-2BD6-E5BB-B94E-88E68D94875A}"
EndProject
Project("{FAE04EC0-301F-11D3-BF4B-00C04F79EFBC}") = "Unity.Cinemachine.Editor", "Unity.Cinemachine.Editor.csproj", "{16394390-3CF7-F851-809E-C4D4C733C90E}"
EndProject
Project("{FAE04EC0-301F-11D3-BF4B-00C04F79EFBC}") = "Unity.Multiplayer.Center.Editor", "Unity.Multiplayer.Center.Editor.csproj", "{079037B7-4BB9-B372-E4E8-E58CE62EF651}"
EndProject
Project("{FAE04EC0-301F-11D3-BF4B-00C04F79EFBC}") = "Unity.Collections", "Unity.Collections.csproj", "{4ED9397F-7137-2A55-2207-C02C9AAA0615}"
EndProject
Project("{FAE04EC0-301F-11D3-BF4B-00C04F79EFBC}") = "UnityEngine.UI", "UnityEngine.UI.csproj", "{DCBE377E-C4BC-C6D5-8F44-3656E3896553}"
EndProject
Project("{FAE04EC0-301F-11D3-BF4B-00C04F79EFBC}") = "Unity.RenderPipelines.Core.Editor", "Unity.RenderPipelines.Core.Editor.csproj", "{A3435D12-A91B-3376-0A8B-84C80F0DC5A8}"
EndProject
Project("{FAE04EC0-301F-11D3-BF4B-00C04F79EFBC}") = "Unity.RenderPipelines.Universal.2D.Runtime", "Unity.RenderPipelines.Universal.2D.Runtime.csproj", "{4394BA86-45C5-18E0-5C23-CC4F49E8E4AD}"
EndProject
Project("{FAE04EC0-301F-11D3-BF4B-00C04F79EFBC}") = "Unity.2D.IK.Runtime", "Unity.2D.IK.Runtime.csproj", "{D517DCE4-59C5-1937-C7C1-B764F07FE46F}"
EndProject
Project("{FAE04EC0-301F-11D3-BF4B-00C04F79EFBC}") = "Unity.2D.Psdimporter.Editor", "Unity.2D.Psdimporter.Editor.csproj", "{1EEA8B9E-CF40-31F3-9678-01484EBD0457}"
EndProject
Project("{FAE04EC0-301F-11D3-BF4B-00C04F79EFBC}") = "Unity.VisualScripting.Core.Editor", "Unity.VisualScripting.Core.Editor.csproj", "{D4DCA72C-9E5C-9F31-8F97-2D65FDA1BA06}"
EndProject
Project("{FAE04EC0-301F-11D3-BF4B-00C04F79EFBC}") = "Unity.RenderPipelines.Universal.Editor", "Unity.RenderPipelines.Universal.Editor.csproj", "{082A06EE-1ACD-7B77-AB7B-6D000A9F47AB}"
EndProject
Project("{FAE04EC0-301F-11D3-BF4B-00C04F79EFBC}") = "Unity.PerformanceTesting.Editor", "Unity.PerformanceTesting.Editor.csproj", "{8716B6DE-C4B9-BEBF-6369-55126520AC54}"
EndProject
Project("{FAE04EC0-301F-11D3-BF4B-00C04F79EFBC}") = "Unity.Splines", "Unity.Splines.csproj", "{38145C26-BF8D-0105-EB29-83E0C89C023E}"
EndProject
Project("{FAE04EC0-301F-11D3-BF4B-00C04F79EFBC}") = "UnityEngine.TestRunner", "UnityEngine.TestRunner.csproj", "{EB3559A4-736D-6F07-C4EC-C49C0FE87228}"
EndProject
Project("{FAE04EC0-301F-11D3-BF4B-00C04F79EFBC}") = "Unity.Notifications.iOS", "Unity.Notifications.iOS.csproj", "{BBAEC4AC-9ADD-7549-9BCE-0C1E952BCABD}"
EndProject
Project("{FAE04EC0-301F-11D3-BF4B-00C04F79EFBC}") = "Unity.2D.Tilemap.Editor", "Unity.2D.Tilemap.Editor.csproj", "{A19C2201-6CFC-E23D-586C-503993460703}"
EndProject
Project("{FAE04EC0-301F-11D3-BF4B-00C04F79EFBC}") = "Unity.Burst", "Unity.Burst.csproj", "{17A2FD6B-79B0-2E59-B6D3-FF6E8916F382}"
EndProject
Project("{FAE04EC0-301F-11D3-BF4B-00C04F79EFBC}") = "Unity.VisualScripting.Flow.Editor", "Unity.VisualScripting.Flow.Editor.csproj", "{C1B75D74-2A75-1D9E-29D2-D0A6F9E1AA2B}"
EndProject
Project("{FAE04EC0-301F-11D3-BF4B-00C04F79EFBC}") = "Unity.2D.SpriteShape.Editor", "Unity.2D.SpriteShape.Editor.csproj", "{BC6BE132-E556-505B-E374-97991D1AB749}"
EndProject
Project("{FAE04EC0-301F-11D3-BF4B-00C04F79EFBC}") = "Unity.VisualStudio.Editor", "Unity.VisualStudio.Editor.csproj", "{A05517D5-6E95-4863-C73B-A83C90AE821D}"
EndProject
Project("{FAE04EC0-301F-11D3-BF4B-00C04F79EFBC}") = "Unity.InputSystem", "Unity.InputSystem.csproj", "{169E6D0C-DA31-CA6C-C54A-1B93256E680D}"
EndProject
Project("{FAE04EC0-301F-11D3-BF4B-00C04F79EFBC}") = "PPv2URPConverters", "PPv2URPConverters.csproj", "{55C6742B-BD61-691B-CA2C-BC8BA6D230F8}"
EndProject
Project("{FAE04EC0-301F-11D3-BF4B-00C04F79EFBC}") = "Unity.2D.Animation.Editor", "Unity.2D.Animation.Editor.csproj", "{B72BFA40-D2A4-4FA4-2589-855E26225F99}"
EndProject
Project("{FAE04EC0-301F-11D3-BF4B-00C04F79EFBC}") = "Unity.Notifications.Android", "Unity.Notifications.Android.csproj", "{DDC8B41F-C160-D776-40EC-B56AD6C17C49}"
EndProject
Project("{FAE04EC0-301F-11D3-BF4B-00C04F79EFBC}") = "Unity.Searcher.Editor", "Unity.Searcher.Editor.csproj", "{FDA34EBA-6605-EAED-75F3-240C83161F51}"
EndProject
Project("{FAE04EC0-301F-11D3-BF4B-00C04F79EFBC}") = "Unity.2D.SpriteShape.Runtime", "Unity.2D.SpriteShape.Runtime.csproj", "{44450AA0-03A6-0B99-3EF0-63623E987AE5}"
EndProject
Project("{FAE04EC0-301F-11D3-BF4B-00C04F79EFBC}") = "UnityEditor.TestRunner", "UnityEditor.TestRunner.csproj", "{8F0B7CCA-9259-EC87-DD0C-701B606668FA}"
EndProject
Project("{FAE04EC0-301F-11D3-BF4B-00C04F79EFBC}") = "Unity.VisualScripting.Core", "Unity.VisualScripting.Core.csproj", "{F1301340-D2F7-B900-5228-5F99D28BF873}"
EndProject
Project("{FAE04EC0-301F-11D3-BF4B-00C04F79EFBC}") = "Unity.RenderPipelines.Universal.Runtime", "Unity.RenderPipelines.Universal.Runtime.csproj", "{D107BA1D-CFFC-9002-9608-C2E7412DF5C1}"
EndProject
Project("{FAE04EC0-301F-11D3-BF4B-00C04F79EFBC}") = "Unity.CollabProxy.Editor", "Unity.CollabProxy.Editor.csproj", "{CD0DB5FC-5C01-E5DB-99A7-FC4DA85C3AD7}"
EndProject
Project("{FAE04EC0-301F-11D3-BF4B-00C04F79EFBC}") = "Unity.VisualScripting.State.Editor", "Unity.VisualScripting.State.Editor.csproj", "{856430FB-2201-3F0D-AB50-D8D02E71A57C}"
EndProject
Project("{FAE04EC0-301F-11D3-BF4B-00C04F79EFBC}") = "Unity.Burst.CodeGen", "Unity.Burst.CodeGen.csproj", "{1BA5B0E7-F12E-BC5F-F636-C54C8985A221}"
EndProject
Project("{FAE04EC0-301F-11D3-BF4B-00C04F79EFBC}") = "Unity.Cinemachine", "Unity.Cinemachine.csproj", "{11535922-74D5-057B-6A6B-EF87502982E2}"
EndProject
Project("{FAE04EC0-301F-11D3-BF4B-00C04F79EFBC}") = "Unity.VisualScripting.Flow", "Unity.VisualScripting.Flow.csproj", "{425D2CBF-1987-AC73-41FD-3B2F07DBCFEB}"
EndProject
Project("{FAE04EC0-301F-11D3-BF4B-00C04F79EFBC}") = "Unity.Splines.Editor", "Unity.Splines.Editor.csproj", "{078E9F3E-9062-DDF4-86B4-2545E3CC9591}"
EndProject
Project("{FAE04EC0-301F-11D3-BF4B-00C04F79EFBC}") = "Unity.PerformanceTesting", "Unity.PerformanceTesting.csproj", "{99253F8E-11D3-EDF9-C895-950758B4E3D6}"
EndProject
Project("{FAE04EC0-301F-11D3-BF4B-00C04F79EFBC}") = "Unity.2D.Tilemap.Extras.Editor", "Unity.2D.Tilemap.Extras.Editor.csproj", "{8A29CD7C-1B0C-5C4E-61FE-05EE179F4135}"
EndProject
Project("{FAE04EC0-301F-11D3-BF4B-00C04F79EFBC}") = "Unity.AdaptivePerformance.Editor", "Unity.AdaptivePerformance.Editor.csproj", "{F7922861-D65A-31D1-B8BC-F95BC9260034}"
EndProject
Project("{FAE04EC0-301F-11D3-BF4B-00C04F79EFBC}") = "Unity.TextMeshPro", "Unity.TextMeshPro.csproj", "{A0876E06-CC2F-D20C-C3A0-0BE69B8BBE91}"
EndProject
Project("{FAE04EC0-301F-11D3-BF4B-00C04F79EFBC}") = "Unity.TextMeshPro.Editor", "Unity.TextMeshPro.Editor.csproj", "{CFE45985-382E-1E7A-03BB-34324C33E8B5}"
EndProject
Project("{FAE04EC0-301F-11D3-BF4B-00C04F79EFBC}") = "Unity.Rendering.LightTransport.Runtime", "Unity.Rendering.LightTransport.Runtime.csproj", "{EF20E5C7-5B91-95C2-9819-C842E4971026}"
EndProject
Project("{FAE04EC0-301F-11D3-BF4B-00C04F79EFBC}") = "PsdPlugin", "PsdPlugin.csproj", "{22805AF6-07AD-CF96-7502-7B0E98F19A23}"
EndProject
Project("{FAE04EC0-301F-11D3-BF4B-00C04F79EFBC}") = "Unity.2D.IK.Editor", "Unity.2D.IK.Editor.csproj", "{599F0EFC-A9D7-D2EA-E7F3-2EEB20259F0E}"
EndProject
Project("{FAE04EC0-301F-11D3-BF4B-00C04F79EFBC}") = "Unity.InternalAPIEngineBridge.001", "Unity.InternalAPIEngineBridge.001.csproj", "{54FD375F-6B6B-3BBF-72EC-AFCF6A2D7F6A}"
EndProject
Project("{FAE04EC0-301F-11D3-BF4B-00C04F79EFBC}") = "Unity.2D.Aseprite.Common", "Unity.2D.Aseprite.Common.csproj", "{3F3BFCDA-AA5A-94D3-3062-FA8000A98864}"
EndProject
Project("{FAE04EC0-301F-11D3-BF4B-00C04F79EFBC}") = "Unity.Burst.Editor", "Unity.Burst.Editor.csproj", "{0DAA3065-3E87-B335-4E06-F9AD9431C19C}"
EndProject
Project("{FAE04EC0-301F-11D3-BF4B-00C04F79EFBC}") = "Unity.2D.Common.Path.Editor", "Unity.2D.Common.Path.Editor.csproj", "{B51F4E6E-6263-A28F-D639-0506514A71CE}"
EndProject
Project("{FAE04EC0-301F-11D3-BF4B-00C04F79EFBC}") = "Unity.2D.Common.Editor", "Unity.2D.Common.Editor.csproj", "{FA5BAA65-86F3-A3B8-4FE2-201EECFFFC88}"
EndProject
Project("{FAE04EC0-301F-11D3-BF4B-00C04F79EFBC}") = "Unity.Mobile.AndroidLogcat.Editor", "Unity.Mobile.AndroidLogcat.Editor.csproj", "{45BEA5C6-B4D3-E203-25B2-5C0816139E94}"
EndProject
Project("{FAE04EC0-301F-11D3-BF4B-00C04F79EFBC}") = "Unity.Rider.Editor", "Unity.Rider.Editor.csproj", "{77CD7E97-3EF3-4729-685D-6C00485AB3C1}"
EndProject
Project("{FAE04EC0-301F-11D3-BF4B-00C04F79EFBC}") = "Unity.VisualScripting.State", "Unity.VisualScripting.State.csproj", "{DA576500-D5C6-C506-F19F-F0283360707C}"
EndProject
Project("{FAE04EC0-301F-11D3-BF4B-00C04F79EFBC}") = "Unity.InternalAPIEditorBridge.001", "Unity.InternalAPIEditorBridge.001.csproj", "{6F52E1F2-3460-84D9-76EB-BCFDBFA4BB5C}"
EndProject
Project("{FAE04EC0-301F-11D3-BF4B-00C04F79EFBC}") = "Unity.AdaptivePerformance", "Unity.AdaptivePerformance.csproj", "{CEF2E628-3338-F4BF-F934-66B0CAB09C31}"
EndProject
Project("{FAE04EC0-301F-11D3-BF4B-00C04F79EFBC}") = "UnityEditor.UI", "UnityEditor.UI.csproj", "{56EF3CD5-7918-66BC-42E7-405C5A8AA460}"
EndProject
Project("{FAE04EC0-301F-11D3-BF4B-00C04F79EFBC}") = "Unity.Notifications", "Unity.Notifications.csproj", "{3079BA90-0FBA-43B2-437C-D18E27140475}"
EndProject
Project("{FAE04EC0-301F-11D3-BF4B-00C04F79EFBC}") = "Unity.2D.PixelPerfect.Editor", "Unity.2D.PixelPerfect.Editor.csproj", "{2F6BFA2C-F2D3-04DB-06C1-C004665AC9EE}"
EndProject
Project("{FAE04EC0-301F-11D3-BF4B-00C04F79EFBC}") = "Unity.2D.Sprite.Editor", "Unity.2D.Sprite.Editor.csproj", "{A08AFBB4-2213-093E-C7FF-1452B75E4BAB}"
EndProject
Project("{FAE04EC0-301F-11D3-BF4B-00C04F79EFBC}") = "Unity.Multiplayer.Center.Common", "Unity.Multiplayer.Center.Common.csproj", "{723FB922-E279-F00A-1557-BD77F5653770}"
EndProject
Project("{FAE04EC0-301F-11D3-BF4B-00C04F79EFBC}") = "Unity.AdaptivePerformance.Samsung.Android", "Unity.AdaptivePerformance.Samsung.Android.csproj", "{FDEE97CE-E484-385A-D63F-EF965EFD6139}"
EndProject
Project("{FAE04EC0-301F-11D3-BF4B-00C04F79EFBC}") = "Unity.Notifications.Unified", "Unity.Notifications.Unified.csproj", "{6DC63BB9-3F91-4A1A-B38B-3E04E39F61B9}"
EndProject
Project("{FAE04EC0-301F-11D3-BF4B-00C04F79EFBC}") = "Unity.InputSystem.ForUI", "Unity.InputSystem.ForUI.csproj", "{E7D04D99-1CB9-C052-54BA-A3FAC5317637}"
EndProject
Project("{FAE04EC0-301F-11D3-BF4B-00C04F79EFBC}") = "Unity.Collections.CodeGen", "Unity.Collections.CodeGen.csproj", "{7B7D0CD2-A048-43FA-BAD5-2CC96085594F}"
EndProject
Project("{FAE04EC0-301F-11D3-BF4B-00C04F79EFBC}") = "Unity.2D.Tilemap.Extras", "Unity.2D.Tilemap.Extras.csproj", "{729C7293-9297-F972-EA67-FEB1913F3F49}"
EndProject
Project("{FAE04EC0-301F-11D3-BF4B-00C04F79EFBC}") = "Unity.2D.Animation.Runtime", "Unity.2D.Animation.Runtime.csproj", "{41647D02-6721-98E8-3012-E271C10BB594}"
EndProject
Project("{FAE04EC0-301F-11D3-BF4B-00C04F79EFBC}") = "Unity.Mathematics.Editor", "Unity.Mathematics.Editor.csproj", "{F46C39BE-2796-1195-B3BC-C2EEE4E391BF}"
EndProject
Project("{FAE04EC0-301F-11D3-BF4B-00C04F79EFBC}") = "Unity.VisualScripting.SettingsProvider.Editor", "Unity.VisualScripting.SettingsProvider.Editor.csproj", "{6E340007-466B-5FE2-E6CE-F4EEE0057807}"
EndProject
Project("{FAE04EC0-301F-11D3-BF4B-00C04F79EFBC}") = "Unity.AdaptivePerformance.Google.Android", "Unity.AdaptivePerformance.Google.Android.csproj", "{E923843C-6D35-CFB7-B3A4-192308F90F01}"
EndProject
Project("{FAE04EC0-301F-11D3-BF4B-00C04F79EFBC}") = "Assembly-CSharp-Editor", "Assembly-CSharp-Editor.csproj", "{187CF13E-1D4E-ABFA-5175-C22F716D2E2B}"
EndProject
Project("{FAE04EC0-301F-11D3-BF4B-00C04F79EFBC}") = "Unity.AdaptivePerformance.Simulator.VRR.Extension", "Unity.AdaptivePerformance.Simulator.VRR.Extension.csproj", "{02B4C52F-A964-6734-8F74-85C707E2C66C}"
EndProject
Project("{FAE04EC0-301F-11D3-BF4B-00C04F79EFBC}") = "Assembly-CSharp", "Assembly-CSharp.csproj", "{FD55E41E-3C43-72E5-33CC-F38F34EEF479}"
EndProject
Project("{FAE04EC0-301F-11D3-BF4B-00C04F79EFBC}") = "Unity.Settings.Editor", "Unity.Settings.Editor.csproj", "{4B788CC8-F487-D5F4-4105-52F569F0A63B}"
EndProject
Project("{FAE04EC0-301F-11D3-BF4B-00C04F79EFBC}") = "Unity.InputSystem.TestFramework", "Unity.InputSystem.TestFramework.csproj", "{BEFCBB8B-741B-40F3-01A5-7498DB575042}"
EndProject
Project("{FAE04EC0-301F-11D3-BF4B-00C04F79EFBC}") = "Unity.ShaderGraph.Utilities", "Unity.ShaderGraph.Utilities.csproj", "{999392E1-9877-013F-1258-EB7EB27BDA65}"
EndProject
Project("{FAE04EC0-301F-11D3-BF4B-00C04F79EFBC}") = "Unity.AdaptivePerformance.Google.Android.Editor", "Unity.AdaptivePerformance.Google.Android.Editor.csproj", "{561797DF-F785-0B56-3896-A8FC0C2D77FA}"
EndProject
Project("{FAE04EC0-301F-11D3-BF4B-00C04F79EFBC}") = "Unity.VisualScripting.Shared.Editor", "Unity.VisualScripting.Shared.Editor.csproj", "{2162AC25-44EF-8AA2-5F65-B92C784074E1}"
EndProject
Project("{FAE04EC0-301F-11D3-BF4B-00C04F79EFBC}") = "Unity.AdaptivePerformance.Samsung.Android.Editor", "Unity.AdaptivePerformance.Samsung.Android.Editor.csproj", "{363E28DD-4E21-546D-EB8B-C8BDA14B5031}"
EndProject
Project("{FAE04EC0-301F-11D3-BF4B-00C04F79EFBC}") = "Unity.Profiling.Core", "Unity.Profiling.Core.csproj", "{1225AC90-7AFD-E641-7A19-028D96B0AD0F}"
EndProject
Project("{FAE04EC0-301F-11D3-BF4B-00C04F79EFBC}") = "Unity.AdaptivePerformance.Simulator.Editor", "Unity.AdaptivePerformance.Simulator.Editor.csproj", "{7723D808-6132-E887-2599-13197526F8B4}"
EndProject
Project("{FAE04EC0-301F-11D3-BF4B-00C04F79EFBC}") = "Unity.RenderPipeline.Universal.ShaderLibrary", "Unity.RenderPipeline.Universal.ShaderLibrary.csproj", "{3D7ADEC8-6CFF-131D-13E8-057BC1965E16}"
EndProject
Project("{FAE04EC0-301F-11D3-BF4B-00C04F79EFBC}") = "Unity.AdaptivePerformance.Profiler.Editor", "Unity.AdaptivePerformance.Profiler.Editor.csproj", "{7216EEA2-DAE6-06E3-03F9-D8F86B65A9A5}"
EndProject
Project("{FAE04EC0-301F-11D3-BF4B-00C04F79EFBC}") = "Unity.2D.Common.Runtime", "Unity.2D.Common.Runtime.csproj", "{876C6CA8-7BAF-044E-56BF-263AC89857E4}"
EndProject
Project("{FAE04EC0-301F-11D3-BF4B-00C04F79EFBC}") = "Unity.AdaptivePerformance.Simulator.Google.Extension.Editor", "Unity.AdaptivePerformance.Simulator.Google.Extension.Editor.csproj", "{E3595685-4499-1B99-EA0A-1EA1CDE1E141}"
EndProject
Project("{FAE04EC0-301F-11D3-BF4B-00C04F79EFBC}") = "Unity.2D.PixelPerfect", "Unity.2D.PixelPerfect.csproj", "{68A9475C-D3C8-CAEF-A9DF-F0D53F549CDA}"
EndProject
Project("{FAE04EC0-301F-11D3-BF4B-00C04F79EFBC}") = "Unity.Rendering.LightTransport.Editor", "Unity.Rendering.LightTransport.Editor.csproj", "{703CBD78-3AB0-4D23-F610-9DEEF27948BA}"
EndProject
Project("{FAE04EC0-301F-11D3-BF4B-00C04F79EFBC}") = "Unity.InputSystem.DocCodeSamples", "Unity.InputSystem.DocCodeSamples.csproj", "{5F0C2EB1-2CF2-AC5A-94F9-6C02B4D3CBE7}"
EndProject
Project("{FAE04EC0-301F-11D3-BF4B-00C04F79EFBC}") = "Unity.RenderPipelines.Universal.Shaders", "Unity.RenderPipelines.Universal.Shaders.csproj", "{7A340933-84D9-C2CE-E515-D5057C6B0922}"
EndProject
Project("{FAE04EC0-301F-11D3-BF4B-00C04F79EFBC}") = "Unity.RenderPipelines.Core.Runtime.Shared", "Unity.RenderPipelines.Core.Runtime.Shared.csproj", "{62071A1D-C805-F347-A817-22446F752BFB}"
EndProject
Project("{FAE04EC0-301F-11D3-BF4B-00C04F79EFBC}") = "ScriptablePacker", "ScriptablePacker.csproj", "{B7585CE6-6600-49EF-801E-A00BC0D351D7}"
EndProject
Project("{FAE04EC0-301F-11D3-BF4B-00C04F79EFBC}") = "Unity.AdaptivePerformance.UI.Editor", "Unity.AdaptivePerformance.UI.Editor.csproj", "{2C865269-8C2D-F823-640C-343A788678CE}"
EndProject
Project("{FAE04EC0-301F-11D3-BF4B-00C04F79EFBC}") = "Unity.AdaptivePerformance.Simulator.Extension", "Unity.AdaptivePerformance.Simulator.Extension.csproj", "{29283090-0E9D-CA9F-0002-A02E4799DE34}"
EndProject
Project("{FAE04EC0-301F-11D3-BF4B-00C04F79EFBC}") = "Unity.Collections.Editor", "Unity.Collections.Editor.csproj", "{E0CAC734-46C8-6095-1393-A2337458AA90}"
EndProject
Project("{FAE04EC0-301F-11D3-BF4B-00C04F79EFBC}") = "Unity.RenderPipelines.Universal.Config.Runtime", "Unity.RenderPipelines.Universal.Config.Runtime.csproj", "{50904AF6-B1D1-81B0-C31C-3967409FB0FD}"
EndProject
Project("{FAE04EC0-301F-11D3-BF4B-00C04F79EFBC}") = "Unity.RenderPipelines.ShaderGraph.ShaderGraphLibrary", "Unity.RenderPipelines.ShaderGraph.ShaderGraphLibrary.csproj", "{FFE2F2B5-43F7-6399-DC2B-0D5CC917C139}"
EndProject
Project("{FAE04EC0-301F-11D3-BF4B-00C04F79EFBC}") = "Unity.RenderPipelines.Core.ShaderLibrary", "Unity.RenderPipelines.Core.ShaderLibrary.csproj", "{BA198A42-58C5-D5D3-7418-7E5A3A4B247A}"
EndProject
Project("{FAE04EC0-301F-11D3-BF4B-00C04F79EFBC}") = "Unity.RenderPipelines.Core.Editor.Shared", "Unity.RenderPipelines.Core.Editor.Shared.csproj", "{0693B19A-3517-4B83-8B97-D1575C517A81}"
EndProject
Project("{FAE04EC0-301F-11D3-BF4B-00C04F79EFBC}") = "Unity.Timeline", "Unity.Timeline.Player.csproj", "{226D521B-F3CE-34DC-7C97-4CB2CB81E371}"
EndProject
Project("{FAE04EC0-301F-11D3-BF4B-00C04F79EFBC}") = "Unity.RenderPipelines.GPUDriven.Runtime", "Unity.RenderPipelines.GPUDriven.Runtime.Player.csproj", "{2A07DA75-0627-21E7-4B3F-D980CF19B5F8}"
EndProject
Project("{FAE04EC0-301F-11D3-BF4B-00C04F79EFBC}") = "Unity.RenderPipelines.Core.Runtime", "Unity.RenderPipelines.Core.Runtime.Player.csproj", "{081A7AB6-9E15-E6BB-98C4-18EC6B50B481}"
EndProject
Project("{FAE04EC0-301F-11D3-BF4B-00C04F79EFBC}") = "Unity.Mathematics", "Unity.Mathematics.Player.csproj", "{18CF8F66-093A-3A88-BBF0-1F6E7A8C1069}"
EndProject
Project("{FAE04EC0-301F-11D3-BF4B-00C04F79EFBC}") = "Unity.Collections", "Unity.Collections.Player.csproj", "{E68D2E6F-BA35-6BEE-45B6-F72CEB092D3B}"
EndProject
Project("{FAE04EC0-301F-11D3-BF4B-00C04F79EFBC}") = "UnityEngine.UI", "UnityEngine.UI.Player.csproj", "{37554BE2-11E6-282A-AF18-2A0A47B23597}"
EndProject
Project("{FAE04EC0-301F-11D3-BF4B-00C04F79EFBC}") = "Unity.RenderPipelines.Universal.2D.Runtime", "Unity.RenderPipelines.Universal.2D.Runtime.Player.csproj", "{C21613A9-F2C7-4CEB-36F5-C40BE41AB37B}"
EndProject
Project("{FAE04EC0-301F-11D3-BF4B-00C04F79EFBC}") = "Unity.2D.IK.Runtime", "Unity.2D.IK.Runtime.Player.csproj", "{2C70821E-F7F6-2D0C-5C5D-644CC1C93143}"
EndProject
Project("{FAE04EC0-301F-11D3-BF4B-00C04F79EFBC}") = "Unity.Splines", "Unity.Splines.Player.csproj", "{4C3D58EB-906B-B103-7E5F-BCE0BB90301F}"
EndProject
Project("{FAE04EC0-301F-11D3-BF4B-00C04F79EFBC}") = "UnityEngine.TestRunner", "UnityEngine.TestRunner.Player.csproj", "{A564D71C-D865-B9CE-A86D-13CF38EC3F51}"
EndProject
Project("{FAE04EC0-301F-11D3-BF4B-00C04F79EFBC}") = "Unity.Burst", "Unity.Burst.Player.csproj", "{9DA2D570-8D32-6079-D021-707ECABC666C}"
EndProject
Project("{FAE04EC0-301F-11D3-BF4B-00C04F79EFBC}") = "Unity.InputSystem", "Unity.InputSystem.Player.csproj", "{ECFF7A2F-C27F-BBA4-E275-F0B4B3CE1AC0}"
EndProject
Project("{FAE04EC0-301F-11D3-BF4B-00C04F79EFBC}") = "Unity.2D.SpriteShape.Runtime", "Unity.2D.SpriteShape.Runtime.Player.csproj", "{F0801CE3-4CB3-B762-2651-38CB48A82A2C}"
EndProject
Project("{FAE04EC0-301F-11D3-BF4B-00C04F79EFBC}") = "Unity.VisualScripting.Core", "Unity.VisualScripting.Core.Player.csproj", "{00C15F61-7922-1983-22F8-D547BEF583AD}"
EndProject
Project("{FAE04EC0-301F-11D3-BF4B-00C04F79EFBC}") = "Unity.RenderPipelines.Universal.Runtime", "Unity.RenderPipelines.Universal.Runtime.Player.csproj", "{A4DF315A-76F6-AC4F-4206-15B3AB0EAE77}"
EndProject
Project("{FAE04EC0-301F-11D3-BF4B-00C04F79EFBC}") = "Unity.Cinemachine", "Unity.Cinemachine.Player.csproj", "{02EF7117-0151-FAFE-01D8-512BD50531C4}"
EndProject
Project("{FAE04EC0-301F-11D3-BF4B-00C04F79EFBC}") = "Unity.VisualScripting.Flow", "Unity.VisualScripting.Flow.Player.csproj", "{60531857-4C6E-3E82-95EB-D123F8C90377}"
EndProject
Project("{FAE04EC0-301F-11D3-BF4B-00C04F79EFBC}") = "Unity.PerformanceTesting", "Unity.PerformanceTesting.Player.csproj", "{2111FE7D-7A25-148E-F8A4-476C8D202478}"
EndProject
Project("{FAE04EC0-301F-11D3-BF4B-00C04F79EFBC}") = "Unity.TextMeshPro", "Unity.TextMeshPro.Player.csproj", "{47010FD5-B6A3-A99D-2420-9D4E97CFBD86}"
EndProject
Project("{FAE04EC0-301F-11D3-BF4B-00C04F79EFBC}") = "Unity.Rendering.LightTransport.Runtime", "Unity.Rendering.LightTransport.Runtime.Player.csproj", "{70D3217C-965D-AC32-5F56-818FDA3B58CB}"
EndProject
Project("{FAE04EC0-301F-11D3-BF4B-00C04F79EFBC}") = "Unity.InternalAPIEngineBridge.001", "Unity.InternalAPIEngineBridge.001.Player.csproj", "{77E35D67-8F20-D02A-E0B1-A24089C14349}"
EndProject
Project("{FAE04EC0-301F-11D3-BF4B-00C04F79EFBC}") = "Unity.VisualScripting.State", "Unity.VisualScripting.State.Player.csproj", "{6FBC9522-F330-73D4-F0FC-E2AE9690C713}"
EndProject
Project("{FAE04EC0-301F-11D3-BF4B-00C04F79EFBC}") = "Unity.AdaptivePerformance", "Unity.AdaptivePerformance.Player.csproj", "{12951E58-1EB9-8A7D-1809-F38EA9F4D1F7}"
EndProject
Project("{FAE04EC0-301F-11D3-BF4B-00C04F79EFBC}") = "Unity.Multiplayer.Center.Common", "Unity.Multiplayer.Center.Common.Player.csproj", "{99649689-50D6-235F-BE6D-36DC6B975C37}"
EndProject
Project("{FAE04EC0-301F-11D3-BF4B-00C04F79EFBC}") = "Unity.AdaptivePerformance.Samsung.Android", "Unity.AdaptivePerformance.Samsung.Android.Player.csproj", "{A076FB60-DB91-5708-EA32-1ECCE66C4FBA}"
EndProject
Project("{FAE04EC0-301F-11D3-BF4B-00C04F79EFBC}") = "Unity.InputSystem.ForUI", "Unity.InputSystem.ForUI.Player.csproj", "{70CC204F-0CA8-28FD-82E4-1EACAAF7604B}"
EndProject
Project("{FAE04EC0-301F-11D3-BF4B-00C04F79EFBC}") = "Unity.2D.Tilemap.Extras", "Unity.2D.Tilemap.Extras.Player.csproj", "{0C7D2164-2D6E-1D7D-16FF-D3B9631C37B4}"
EndProject
Project("{FAE04EC0-301F-11D3-BF4B-00C04F79EFBC}") = "Unity.2D.Animation.Runtime", "Unity.2D.Animation.Runtime.Player.csproj", "{727A9463-A4FC-DD82-0EF3-913F632570A4}"
EndProject
Project("{FAE04EC0-301F-11D3-BF4B-00C04F79EFBC}") = "Unity.AdaptivePerformance.Google.Android", "Unity.AdaptivePerformance.Google.Android.Player.csproj", "{FF586DE0-3962-B5EC-F151-CF3C6058A0A8}"
EndProject
Project("{FAE04EC0-301F-11D3-BF4B-00C04F79EFBC}") = "Assembly-CSharp", "Assembly-CSharp.Player.csproj", "{3F06E1E3-42BA-3B8E-93EF-659389F18716}"
EndProject
Project("{FAE04EC0-301F-11D3-BF4B-00C04F79EFBC}") = "Unity.InputSystem.TestFramework", "Unity.InputSystem.TestFramework.Player.csproj", "{20EE9241-FE56-D119-69F8-9CFED965A215}"
EndProject
Project("{FAE04EC0-301F-11D3-BF4B-00C04F79EFBC}") = "Unity.Profiling.Core", "Unity.Profiling.Core.Player.csproj", "{6E83AC14-F16F-944D-395E-7B8F5CAF0683}"
EndProject
Project("{FAE04EC0-301F-11D3-BF4B-00C04F79EFBC}") = "Unity.RenderPipeline.Universal.ShaderLibrary", "Unity.RenderPipeline.Universal.ShaderLibrary.Player.csproj", "{E3D57EF2-9537-9D76-B1F4-DFC981103A7B}"
EndProject
Project("{FAE04EC0-301F-11D3-BF4B-00C04F79EFBC}") = "Unity.2D.Common.Runtime", "Unity.2D.Common.Runtime.Player.csproj", "{886B97E1-09FE-86AA-B848-45F75037D800}"
EndProject
Project("{FAE04EC0-301F-11D3-BF4B-00C04F79EFBC}") = "Unity.2D.PixelPerfect", "Unity.2D.PixelPerfect.Player.csproj", "{4BA848DF-B110-3CE4-11A6-85ED7323CA8D}"
EndProject
Project("{FAE04EC0-301F-11D3-BF4B-00C04F79EFBC}") = "Unity.RenderPipelines.Universal.Shaders", "Unity.RenderPipelines.Universal.Shaders.Player.csproj", "{9AC99984-8753-4337-282D-3CF0658044A4}"
EndProject
Project("{FAE04EC0-301F-11D3-BF4B-00C04F79EFBC}") = "Unity.RenderPipelines.Core.Runtime.Shared", "Unity.RenderPipelines.Core.Runtime.Shared.Player.csproj", "{028D6CD2-9A6F-3E3E-8280-08170E77C6B7}"
EndProject
Project("{FAE04EC0-301F-11D3-BF4B-00C04F79EFBC}") = "Unity.RenderPipelines.Universal.Config.Runtime", "Unity.RenderPipelines.Universal.Config.Runtime.Player.csproj", "{D6A9D69F-EE94-E8F0-B0B5-265ECD6A6D9D}"
EndProject
Project("{FAE04EC0-301F-11D3-BF4B-00C04F79EFBC}") = "Unity.RenderPipelines.ShaderGraph.ShaderGraphLibrary", "Unity.RenderPipelines.ShaderGraph.ShaderGraphLibrary.Player.csproj", "{D37138D6-8203-1A5D-D8E0-4947352F4685}"
EndProject
Project("{FAE04EC0-301F-11D3-BF4B-00C04F79EFBC}") = "Unity.RenderPipelines.Core.ShaderLibrary", "Unity.RenderPipelines.Core.ShaderLibrary.Player.csproj", "{4B311587-163E-9287-7390-114D32C6F3D6}"
EndProject
Global
	GlobalSection(SolutionConfigurationPlatforms) = preSolution
		Debug|Any CPU = Debug|Any CPU
		Release|Any CPU = Release|Any CPU
	EndGlobalSection
	GlobalSection(ProjectConfigurationPlatforms) = postSolution
		{BCDDD8B6-F29E-0821-1F21-2BECD1182089}.Debug|Any CPU.ActiveCfg = Debug|Any CPU
		{BCDDD8B6-F29E-0821-1F21-2BECD1182089}.Debug|Any CPU.Build.0 = Debug|Any CPU
		{BCDDD8B6-F29E-0821-1F21-2BECD1182089}.Release|Any CPU.ActiveCfg = Release|Any CPU
		{BCDDD8B6-F29E-0821-1F21-2BECD1182089}.Release|Any CPU.Build.0 = Release|Any CPU
		{ADEF438B-DE26-214F-A09A-4095321BE0C6}.Debug|Any CPU.ActiveCfg = Debug|Any CPU
		{ADEF438B-DE26-214F-A09A-4095321BE0C6}.Debug|Any CPU.Build.0 = Debug|Any CPU
		{ADEF438B-DE26-214F-A09A-4095321BE0C6}.Release|Any CPU.ActiveCfg = Release|Any CPU
		{ADEF438B-DE26-214F-A09A-4095321BE0C6}.Release|Any CPU.Build.0 = Release|Any CPU
		{85431844-D22D-7AFD-1230-B4440E96FF1E}.Debug|Any CPU.ActiveCfg = Debug|Any CPU
		{85431844-D22D-7AFD-1230-B4440E96FF1E}.Debug|Any CPU.Build.0 = Debug|Any CPU
		{85431844-D22D-7AFD-1230-B4440E96FF1E}.Release|Any CPU.ActiveCfg = Release|Any CPU
		{85431844-D22D-7AFD-1230-B4440E96FF1E}.Release|Any CPU.Build.0 = Release|Any CPU
		{47DB02D2-A114-07B2-DEB3-A76C88CACABB}.Debug|Any CPU.ActiveCfg = Debug|Any CPU
		{47DB02D2-A114-07B2-DEB3-A76C88CACABB}.Debug|Any CPU.Build.0 = Debug|Any CPU
		{47DB02D2-A114-07B2-DEB3-A76C88CACABB}.Release|Any CPU.ActiveCfg = Release|Any CPU
		{47DB02D2-A114-07B2-DEB3-A76C88CACABB}.Release|Any CPU.Build.0 = Release|Any CPU
		{306036D6-8FAE-AA46-EA2F-02704D121DE3}.Debug|Any CPU.ActiveCfg = Debug|Any CPU
		{306036D6-8FAE-AA46-EA2F-02704D121DE3}.Debug|Any CPU.Build.0 = Debug|Any CPU
		{306036D6-8FAE-AA46-EA2F-02704D121DE3}.Release|Any CPU.ActiveCfg = Release|Any CPU
		{306036D6-8FAE-AA46-EA2F-02704D121DE3}.Release|Any CPU.Build.0 = Release|Any CPU
		{F1A42C6F-C345-3E40-9376-E6B295CA9D86}.Debug|Any CPU.ActiveCfg = Debug|Any CPU
		{F1A42C6F-C345-3E40-9376-E6B295CA9D86}.Debug|Any CPU.Build.0 = Debug|Any CPU
		{F1A42C6F-C345-3E40-9376-E6B295CA9D86}.Release|Any CPU.ActiveCfg = Release|Any CPU
		{F1A42C6F-C345-3E40-9376-E6B295CA9D86}.Release|Any CPU.Build.0 = Release|Any CPU
		{8F780F33-9936-D06F-72DB-9CC9EE501554}.Debug|Any CPU.ActiveCfg = Debug|Any CPU
		{8F780F33-9936-D06F-72DB-9CC9EE501554}.Debug|Any CPU.Build.0 = Debug|Any CPU
		{8F780F33-9936-D06F-72DB-9CC9EE501554}.Release|Any CPU.ActiveCfg = Release|Any CPU
		{8F780F33-9936-D06F-72DB-9CC9EE501554}.Release|Any CPU.Build.0 = Release|Any CPU
		{4662E0FA-2BD6-E5BB-B94E-88E68D94875A}.Debug|Any CPU.ActiveCfg = Debug|Any CPU
		{4662E0FA-2BD6-E5BB-B94E-88E68D94875A}.Debug|Any CPU.Build.0 = Debug|Any CPU
		{4662E0FA-2BD6-E5BB-B94E-88E68D94875A}.Release|Any CPU.ActiveCfg = Release|Any CPU
		{4662E0FA-2BD6-E5BB-B94E-88E68D94875A}.Release|Any CPU.Build.0 = Release|Any CPU
		{16394390-3CF7-F851-809E-C4D4C733C90E}.Debug|Any CPU.ActiveCfg = Debug|Any CPU
		{16394390-3CF7-F851-809E-C4D4C733C90E}.Debug|Any CPU.Build.0 = Debug|Any CPU
		{16394390-3CF7-F851-809E-C4D4C733C90E}.Release|Any CPU.ActiveCfg = Release|Any CPU
		{16394390-3CF7-F851-809E-C4D4C733C90E}.Release|Any CPU.Build.0 = Release|Any CPU
		{079037B7-4BB9-B372-E4E8-E58CE62EF651}.Debug|Any CPU.ActiveCfg = Debug|Any CPU
		{079037B7-4BB9-B372-E4E8-E58CE62EF651}.Debug|Any CPU.Build.0 = Debug|Any CPU
		{079037B7-4BB9-B372-E4E8-E58CE62EF651}.Release|Any CPU.ActiveCfg = Release|Any CPU
		{079037B7-4BB9-B372-E4E8-E58CE62EF651}.Release|Any CPU.Build.0 = Release|Any CPU
		{4ED9397F-7137-2A55-2207-C02C9AAA0615}.Debug|Any CPU.ActiveCfg = Debug|Any CPU
		{4ED9397F-7137-2A55-2207-C02C9AAA0615}.Debug|Any CPU.Build.0 = Debug|Any CPU
		{4ED9397F-7137-2A55-2207-C02C9AAA0615}.Release|Any CPU.ActiveCfg = Release|Any CPU
		{4ED9397F-7137-2A55-2207-C02C9AAA0615}.Release|Any CPU.Build.0 = Release|Any CPU
		{DCBE377E-C4BC-C6D5-8F44-3656E3896553}.Debug|Any CPU.ActiveCfg = Debug|Any CPU
		{DCBE377E-C4BC-C6D5-8F44-3656E3896553}.Debug|Any CPU.Build.0 = Debug|Any CPU
		{DCBE377E-C4BC-C6D5-8F44-3656E3896553}.Release|Any CPU.ActiveCfg = Release|Any CPU
		{DCBE377E-C4BC-C6D5-8F44-3656E3896553}.Release|Any CPU.Build.0 = Release|Any CPU
		{A3435D12-A91B-3376-0A8B-84C80F0DC5A8}.Debug|Any CPU.ActiveCfg = Debug|Any CPU
		{A3435D12-A91B-3376-0A8B-84C80F0DC5A8}.Debug|Any CPU.Build.0 = Debug|Any CPU
		{A3435D12-A91B-3376-0A8B-84C80F0DC5A8}.Release|Any CPU.ActiveCfg = Release|Any CPU
		{A3435D12-A91B-3376-0A8B-84C80F0DC5A8}.Release|Any CPU.Build.0 = Release|Any CPU
		{4394BA86-45C5-18E0-5C23-CC4F49E8E4AD}.Debug|Any CPU.ActiveCfg = Debug|Any CPU
		{4394BA86-45C5-18E0-5C23-CC4F49E8E4AD}.Debug|Any CPU.Build.0 = Debug|Any CPU
		{4394BA86-45C5-18E0-5C23-CC4F49E8E4AD}.Release|Any CPU.ActiveCfg = Release|Any CPU
		{4394BA86-45C5-18E0-5C23-CC4F49E8E4AD}.Release|Any CPU.Build.0 = Release|Any CPU
		{D517DCE4-59C5-1937-C7C1-B764F07FE46F}.Debug|Any CPU.ActiveCfg = Debug|Any CPU
		{D517DCE4-59C5-1937-C7C1-B764F07FE46F}.Debug|Any CPU.Build.0 = Debug|Any CPU
		{D517DCE4-59C5-1937-C7C1-B764F07FE46F}.Release|Any CPU.ActiveCfg = Release|Any CPU
		{D517DCE4-59C5-1937-C7C1-B764F07FE46F}.Release|Any CPU.Build.0 = Release|Any CPU
		{1EEA8B9E-CF40-31F3-9678-01484EBD0457}.Debug|Any CPU.ActiveCfg = Debug|Any CPU
		{1EEA8B9E-CF40-31F3-9678-01484EBD0457}.Debug|Any CPU.Build.0 = Debug|Any CPU
		{1EEA8B9E-CF40-31F3-9678-01484EBD0457}.Release|Any CPU.ActiveCfg = Release|Any CPU
		{1EEA8B9E-CF40-31F3-9678-01484EBD0457}.Release|Any CPU.Build.0 = Release|Any CPU
		{D4DCA72C-9E5C-9F31-8F97-2D65FDA1BA06}.Debug|Any CPU.ActiveCfg = Debug|Any CPU
		{D4DCA72C-9E5C-9F31-8F97-2D65FDA1BA06}.Debug|Any CPU.Build.0 = Debug|Any CPU
		{D4DCA72C-9E5C-9F31-8F97-2D65FDA1BA06}.Release|Any CPU.ActiveCfg = Release|Any CPU
		{D4DCA72C-9E5C-9F31-8F97-2D65FDA1BA06}.Release|Any CPU.Build.0 = Release|Any CPU
		{082A06EE-1ACD-7B77-AB7B-6D000A9F47AB}.Debug|Any CPU.ActiveCfg = Debug|Any CPU
		{082A06EE-1ACD-7B77-AB7B-6D000A9F47AB}.Debug|Any CPU.Build.0 = Debug|Any CPU
		{082A06EE-1ACD-7B77-AB7B-6D000A9F47AB}.Release|Any CPU.ActiveCfg = Release|Any CPU
		{082A06EE-1ACD-7B77-AB7B-6D000A9F47AB}.Release|Any CPU.Build.0 = Release|Any CPU
		{8716B6DE-C4B9-BEBF-6369-55126520AC54}.Debug|Any CPU.ActiveCfg = Debug|Any CPU
		{8716B6DE-C4B9-BEBF-6369-55126520AC54}.Debug|Any CPU.Build.0 = Debug|Any CPU
		{8716B6DE-C4B9-BEBF-6369-55126520AC54}.Release|Any CPU.ActiveCfg = Release|Any CPU
		{8716B6DE-C4B9-BEBF-6369-55126520AC54}.Release|Any CPU.Build.0 = Release|Any CPU
		{38145C26-BF8D-0105-EB29-83E0C89C023E}.Debug|Any CPU.ActiveCfg = Debug|Any CPU
		{38145C26-BF8D-0105-EB29-83E0C89C023E}.Debug|Any CPU.Build.0 = Debug|Any CPU
		{38145C26-BF8D-0105-EB29-83E0C89C023E}.Release|Any CPU.ActiveCfg = Release|Any CPU
		{38145C26-BF8D-0105-EB29-83E0C89C023E}.Release|Any CPU.Build.0 = Release|Any CPU
		{EB3559A4-736D-6F07-C4EC-C49C0FE87228}.Debug|Any CPU.ActiveCfg = Debug|Any CPU
		{EB3559A4-736D-6F07-C4EC-C49C0FE87228}.Debug|Any CPU.Build.0 = Debug|Any CPU
		{EB3559A4-736D-6F07-C4EC-C49C0FE87228}.Release|Any CPU.ActiveCfg = Release|Any CPU
		{EB3559A4-736D-6F07-C4EC-C49C0FE87228}.Release|Any CPU.Build.0 = Release|Any CPU
		{BBAEC4AC-9ADD-7549-9BCE-0C1E952BCABD}.Debug|Any CPU.ActiveCfg = Debug|Any CPU
		{BBAEC4AC-9ADD-7549-9BCE-0C1E952BCABD}.Debug|Any CPU.Build.0 = Debug|Any CPU
		{BBAEC4AC-9ADD-7549-9BCE-0C1E952BCABD}.Release|Any CPU.ActiveCfg = Release|Any CPU
		{BBAEC4AC-9ADD-7549-9BCE-0C1E952BCABD}.Release|Any CPU.Build.0 = Release|Any CPU
		{A19C2201-6CFC-E23D-586C-503993460703}.Debug|Any CPU.ActiveCfg = Debug|Any CPU
		{A19C2201-6CFC-E23D-586C-503993460703}.Debug|Any CPU.Build.0 = Debug|Any CPU
		{A19C2201-6CFC-E23D-586C-503993460703}.Release|Any CPU.ActiveCfg = Release|Any CPU
		{A19C2201-6CFC-E23D-586C-503993460703}.Release|Any CPU.Build.0 = Release|Any CPU
		{17A2FD6B-79B0-2E59-B6D3-FF6E8916F382}.Debug|Any CPU.ActiveCfg = Debug|Any CPU
		{17A2FD6B-79B0-2E59-B6D3-FF6E8916F382}.Debug|Any CPU.Build.0 = Debug|Any CPU
		{17A2FD6B-79B0-2E59-B6D3-FF6E8916F382}.Release|Any CPU.ActiveCfg = Release|Any CPU
		{17A2FD6B-79B0-2E59-B6D3-FF6E8916F382}.Release|Any CPU.Build.0 = Release|Any CPU
		{C1B75D74-2A75-1D9E-29D2-D0A6F9E1AA2B}.Debug|Any CPU.ActiveCfg = Debug|Any CPU
		{C1B75D74-2A75-1D9E-29D2-D0A6F9E1AA2B}.Debug|Any CPU.Build.0 = Debug|Any CPU
		{C1B75D74-2A75-1D9E-29D2-D0A6F9E1AA2B}.Release|Any CPU.ActiveCfg = Release|Any CPU
		{C1B75D74-2A75-1D9E-29D2-D0A6F9E1AA2B}.Release|Any CPU.Build.0 = Release|Any CPU
		{BC6BE132-E556-505B-E374-97991D1AB749}.Debug|Any CPU.ActiveCfg = Debug|Any CPU
		{BC6BE132-E556-505B-E374-97991D1AB749}.Debug|Any CPU.Build.0 = Debug|Any CPU
		{BC6BE132-E556-505B-E374-97991D1AB749}.Release|Any CPU.ActiveCfg = Release|Any CPU
		{BC6BE132-E556-505B-E374-97991D1AB749}.Release|Any CPU.Build.0 = Release|Any CPU
		{A05517D5-6E95-4863-C73B-A83C90AE821D}.Debug|Any CPU.ActiveCfg = Debug|Any CPU
		{A05517D5-6E95-4863-C73B-A83C90AE821D}.Debug|Any CPU.Build.0 = Debug|Any CPU
		{A05517D5-6E95-4863-C73B-A83C90AE821D}.Release|Any CPU.ActiveCfg = Release|Any CPU
		{A05517D5-6E95-4863-C73B-A83C90AE821D}.Release|Any CPU.Build.0 = Release|Any CPU
		{169E6D0C-DA31-CA6C-C54A-1B93256E680D}.Debug|Any CPU.ActiveCfg = Debug|Any CPU
		{169E6D0C-DA31-CA6C-C54A-1B93256E680D}.Debug|Any CPU.Build.0 = Debug|Any CPU
		{169E6D0C-DA31-CA6C-C54A-1B93256E680D}.Release|Any CPU.ActiveCfg = Release|Any CPU
		{169E6D0C-DA31-CA6C-C54A-1B93256E680D}.Release|Any CPU.Build.0 = Release|Any CPU
		{55C6742B-BD61-691B-CA2C-BC8BA6D230F8}.Debug|Any CPU.ActiveCfg = Debug|Any CPU
		{55C6742B-BD61-691B-CA2C-BC8BA6D230F8}.Debug|Any CPU.Build.0 = Debug|Any CPU
		{55C6742B-BD61-691B-CA2C-BC8BA6D230F8}.Release|Any CPU.ActiveCfg = Release|Any CPU
		{55C6742B-BD61-691B-CA2C-BC8BA6D230F8}.Release|Any CPU.Build.0 = Release|Any CPU
		{B72BFA40-D2A4-4FA4-2589-855E26225F99}.Debug|Any CPU.ActiveCfg = Debug|Any CPU
		{B72BFA40-D2A4-4FA4-2589-855E26225F99}.Debug|Any CPU.Build.0 = Debug|Any CPU
		{B72BFA40-D2A4-4FA4-2589-855E26225F99}.Release|Any CPU.ActiveCfg = Release|Any CPU
		{B72BFA40-D2A4-4FA4-2589-855E26225F99}.Release|Any CPU.Build.0 = Release|Any CPU
		{DDC8B41F-C160-D776-40EC-B56AD6C17C49}.Debug|Any CPU.ActiveCfg = Debug|Any CPU
		{DDC8B41F-C160-D776-40EC-B56AD6C17C49}.Debug|Any CPU.Build.0 = Debug|Any CPU
		{DDC8B41F-C160-D776-40EC-B56AD6C17C49}.Release|Any CPU.ActiveCfg = Release|Any CPU
		{DDC8B41F-C160-D776-40EC-B56AD6C17C49}.Release|Any CPU.Build.0 = Release|Any CPU
		{FDA34EBA-6605-EAED-75F3-240C83161F51}.Debug|Any CPU.ActiveCfg = Debug|Any CPU
		{FDA34EBA-6605-EAED-75F3-240C83161F51}.Debug|Any CPU.Build.0 = Debug|Any CPU
		{FDA34EBA-6605-EAED-75F3-240C83161F51}.Release|Any CPU.ActiveCfg = Release|Any CPU
		{FDA34EBA-6605-EAED-75F3-240C83161F51}.Release|Any CPU.Build.0 = Release|Any CPU
		{44450AA0-03A6-0B99-3EF0-63623E987AE5}.Debug|Any CPU.ActiveCfg = Debug|Any CPU
		{44450AA0-03A6-0B99-3EF0-63623E987AE5}.Debug|Any CPU.Build.0 = Debug|Any CPU
		{44450AA0-03A6-0B99-3EF0-63623E987AE5}.Release|Any CPU.ActiveCfg = Release|Any CPU
		{44450AA0-03A6-0B99-3EF0-63623E987AE5}.Release|Any CPU.Build.0 = Release|Any CPU
		{8F0B7CCA-9259-EC87-DD0C-701B606668FA}.Debug|Any CPU.ActiveCfg = Debug|Any CPU
		{8F0B7CCA-9259-EC87-DD0C-701B606668FA}.Debug|Any CPU.Build.0 = Debug|Any CPU
		{8F0B7CCA-9259-EC87-DD0C-701B606668FA}.Release|Any CPU.ActiveCfg = Release|Any CPU
		{8F0B7CCA-9259-EC87-DD0C-701B606668FA}.Release|Any CPU.Build.0 = Release|Any CPU
		{F1301340-D2F7-B900-5228-5F99D28BF873}.Debug|Any CPU.ActiveCfg = Debug|Any CPU
		{F1301340-D2F7-B900-5228-5F99D28BF873}.Debug|Any CPU.Build.0 = Debug|Any CPU
		{F1301340-D2F7-B900-5228-5F99D28BF873}.Release|Any CPU.ActiveCfg = Release|Any CPU
		{F1301340-D2F7-B900-5228-5F99D28BF873}.Release|Any CPU.Build.0 = Release|Any CPU
		{D107BA1D-CFFC-9002-9608-C2E7412DF5C1}.Debug|Any CPU.ActiveCfg = Debug|Any CPU
		{D107BA1D-CFFC-9002-9608-C2E7412DF5C1}.Debug|Any CPU.Build.0 = Debug|Any CPU
		{D107BA1D-CFFC-9002-9608-C2E7412DF5C1}.Release|Any CPU.ActiveCfg = Release|Any CPU
		{D107BA1D-CFFC-9002-9608-C2E7412DF5C1}.Release|Any CPU.Build.0 = Release|Any CPU
		{CD0DB5FC-5C01-E5DB-99A7-FC4DA85C3AD7}.Debug|Any CPU.ActiveCfg = Debug|Any CPU
		{CD0DB5FC-5C01-E5DB-99A7-FC4DA85C3AD7}.Debug|Any CPU.Build.0 = Debug|Any CPU
		{CD0DB5FC-5C01-E5DB-99A7-FC4DA85C3AD7}.Release|Any CPU.ActiveCfg = Release|Any CPU
		{CD0DB5FC-5C01-E5DB-99A7-FC4DA85C3AD7}.Release|Any CPU.Build.0 = Release|Any CPU
		{856430FB-2201-3F0D-AB50-D8D02E71A57C}.Debug|Any CPU.ActiveCfg = Debug|Any CPU
		{856430FB-2201-3F0D-AB50-D8D02E71A57C}.Debug|Any CPU.Build.0 = Debug|Any CPU
		{856430FB-2201-3F0D-AB50-D8D02E71A57C}.Release|Any CPU.ActiveCfg = Release|Any CPU
		{856430FB-2201-3F0D-AB50-D8D02E71A57C}.Release|Any CPU.Build.0 = Release|Any CPU
		{1BA5B0E7-F12E-BC5F-F636-C54C8985A221}.Debug|Any CPU.ActiveCfg = Debug|Any CPU
		{1BA5B0E7-F12E-BC5F-F636-C54C8985A221}.Debug|Any CPU.Build.0 = Debug|Any CPU
		{1BA5B0E7-F12E-BC5F-F636-C54C8985A221}.Release|Any CPU.ActiveCfg = Release|Any CPU
		{1BA5B0E7-F12E-BC5F-F636-C54C8985A221}.Release|Any CPU.Build.0 = Release|Any CPU
		{11535922-74D5-057B-6A6B-EF87502982E2}.Debug|Any CPU.ActiveCfg = Debug|Any CPU
		{11535922-74D5-057B-6A6B-EF87502982E2}.Debug|Any CPU.Build.0 = Debug|Any CPU
		{11535922-74D5-057B-6A6B-EF87502982E2}.Release|Any CPU.ActiveCfg = Release|Any CPU
		{11535922-74D5-057B-6A6B-EF87502982E2}.Release|Any CPU.Build.0 = Release|Any CPU
		{425D2CBF-1987-AC73-41FD-3B2F07DBCFEB}.Debug|Any CPU.ActiveCfg = Debug|Any CPU
		{425D2CBF-1987-AC73-41FD-3B2F07DBCFEB}.Debug|Any CPU.Build.0 = Debug|Any CPU
		{425D2CBF-1987-AC73-41FD-3B2F07DBCFEB}.Release|Any CPU.ActiveCfg = Release|Any CPU
		{425D2CBF-1987-AC73-41FD-3B2F07DBCFEB}.Release|Any CPU.Build.0 = Release|Any CPU
		{078E9F3E-9062-DDF4-86B4-2545E3CC9591}.Debug|Any CPU.ActiveCfg = Debug|Any CPU
		{078E9F3E-9062-DDF4-86B4-2545E3CC9591}.Debug|Any CPU.Build.0 = Debug|Any CPU
		{078E9F3E-9062-DDF4-86B4-2545E3CC9591}.Release|Any CPU.ActiveCfg = Release|Any CPU
		{078E9F3E-9062-DDF4-86B4-2545E3CC9591}.Release|Any CPU.Build.0 = Release|Any CPU
		{99253F8E-11D3-EDF9-C895-950758B4E3D6}.Debug|Any CPU.ActiveCfg = Debug|Any CPU
		{99253F8E-11D3-EDF9-C895-950758B4E3D6}.Debug|Any CPU.Build.0 = Debug|Any CPU
		{99253F8E-11D3-EDF9-C895-950758B4E3D6}.Release|Any CPU.ActiveCfg = Release|Any CPU
		{99253F8E-11D3-EDF9-C895-950758B4E3D6}.Release|Any CPU.Build.0 = Release|Any CPU
		{8A29CD7C-1B0C-5C4E-61FE-05EE179F4135}.Debug|Any CPU.ActiveCfg = Debug|Any CPU
		{8A29CD7C-1B0C-5C4E-61FE-05EE179F4135}.Debug|Any CPU.Build.0 = Debug|Any CPU
		{8A29CD7C-1B0C-5C4E-61FE-05EE179F4135}.Release|Any CPU.ActiveCfg = Release|Any CPU
		{8A29CD7C-1B0C-5C4E-61FE-05EE179F4135}.Release|Any CPU.Build.0 = Release|Any CPU
		{F7922861-D65A-31D1-B8BC-F95BC9260034}.Debug|Any CPU.ActiveCfg = Debug|Any CPU
		{F7922861-D65A-31D1-B8BC-F95BC9260034}.Debug|Any CPU.Build.0 = Debug|Any CPU
		{F7922861-D65A-31D1-B8BC-F95BC9260034}.Release|Any CPU.ActiveCfg = Release|Any CPU
		{F7922861-D65A-31D1-B8BC-F95BC9260034}.Release|Any CPU.Build.0 = Release|Any CPU
		{A0876E06-CC2F-D20C-C3A0-0BE69B8BBE91}.Debug|Any CPU.ActiveCfg = Debug|Any CPU
		{A0876E06-CC2F-D20C-C3A0-0BE69B8BBE91}.Debug|Any CPU.Build.0 = Debug|Any CPU
		{A0876E06-CC2F-D20C-C3A0-0BE69B8BBE91}.Release|Any CPU.ActiveCfg = Release|Any CPU
		{A0876E06-CC2F-D20C-C3A0-0BE69B8BBE91}.Release|Any CPU.Build.0 = Release|Any CPU
		{CFE45985-382E-1E7A-03BB-34324C33E8B5}.Debug|Any CPU.ActiveCfg = Debug|Any CPU
		{CFE45985-382E-1E7A-03BB-34324C33E8B5}.Debug|Any CPU.Build.0 = Debug|Any CPU
		{CFE45985-382E-1E7A-03BB-34324C33E8B5}.Release|Any CPU.ActiveCfg = Release|Any CPU
		{CFE45985-382E-1E7A-03BB-34324C33E8B5}.Release|Any CPU.Build.0 = Release|Any CPU
		{EF20E5C7-5B91-95C2-9819-C842E4971026}.Debug|Any CPU.ActiveCfg = Debug|Any CPU
		{EF20E5C7-5B91-95C2-9819-C842E4971026}.Debug|Any CPU.Build.0 = Debug|Any CPU
		{EF20E5C7-5B91-95C2-9819-C842E4971026}.Release|Any CPU.ActiveCfg = Release|Any CPU
		{EF20E5C7-5B91-95C2-9819-C842E4971026}.Release|Any CPU.Build.0 = Release|Any CPU
		{22805AF6-07AD-CF96-7502-7B0E98F19A23}.Debug|Any CPU.ActiveCfg = Debug|Any CPU
		{22805AF6-07AD-CF96-7502-7B0E98F19A23}.Debug|Any CPU.Build.0 = Debug|Any CPU
		{22805AF6-07AD-CF96-7502-7B0E98F19A23}.Release|Any CPU.ActiveCfg = Release|Any CPU
		{22805AF6-07AD-CF96-7502-7B0E98F19A23}.Release|Any CPU.Build.0 = Release|Any CPU
		{599F0EFC-A9D7-D2EA-E7F3-2EEB20259F0E}.Debug|Any CPU.ActiveCfg = Debug|Any CPU
		{599F0EFC-A9D7-D2EA-E7F3-2EEB20259F0E}.Debug|Any CPU.Build.0 = Debug|Any CPU
		{599F0EFC-A9D7-D2EA-E7F3-2EEB20259F0E}.Release|Any CPU.ActiveCfg = Release|Any CPU
		{599F0EFC-A9D7-D2EA-E7F3-2EEB20259F0E}.Release|Any CPU.Build.0 = Release|Any CPU
		{54FD375F-6B6B-3BBF-72EC-AFCF6A2D7F6A}.Debug|Any CPU.ActiveCfg = Debug|Any CPU
		{54FD375F-6B6B-3BBF-72EC-AFCF6A2D7F6A}.Debug|Any CPU.Build.0 = Debug|Any CPU
		{54FD375F-6B6B-3BBF-72EC-AFCF6A2D7F6A}.Release|Any CPU.ActiveCfg = Release|Any CPU
		{54FD375F-6B6B-3BBF-72EC-AFCF6A2D7F6A}.Release|Any CPU.Build.0 = Release|Any CPU
		{3F3BFCDA-AA5A-94D3-3062-FA8000A98864}.Debug|Any CPU.ActiveCfg = Debug|Any CPU
		{3F3BFCDA-AA5A-94D3-3062-FA8000A98864}.Debug|Any CPU.Build.0 = Debug|Any CPU
		{3F3BFCDA-AA5A-94D3-3062-FA8000A98864}.Release|Any CPU.ActiveCfg = Release|Any CPU
		{3F3BFCDA-AA5A-94D3-3062-FA8000A98864}.Release|Any CPU.Build.0 = Release|Any CPU
		{0DAA3065-3E87-B335-4E06-F9AD9431C19C}.Debug|Any CPU.ActiveCfg = Debug|Any CPU
		{0DAA3065-3E87-B335-4E06-F9AD9431C19C}.Debug|Any CPU.Build.0 = Debug|Any CPU
		{0DAA3065-3E87-B335-4E06-F9AD9431C19C}.Release|Any CPU.ActiveCfg = Release|Any CPU
		{0DAA3065-3E87-B335-4E06-F9AD9431C19C}.Release|Any CPU.Build.0 = Release|Any CPU
		{B51F4E6E-6263-A28F-D639-0506514A71CE}.Debug|Any CPU.ActiveCfg = Debug|Any CPU
		{B51F4E6E-6263-A28F-D639-0506514A71CE}.Debug|Any CPU.Build.0 = Debug|Any CPU
		{B51F4E6E-6263-A28F-D639-0506514A71CE}.Release|Any CPU.ActiveCfg = Release|Any CPU
		{B51F4E6E-6263-A28F-D639-0506514A71CE}.Release|Any CPU.Build.0 = Release|Any CPU
		{FA5BAA65-86F3-A3B8-4FE2-201EECFFFC88}.Debug|Any CPU.ActiveCfg = Debug|Any CPU
		{FA5BAA65-86F3-A3B8-4FE2-201EECFFFC88}.Debug|Any CPU.Build.0 = Debug|Any CPU
		{FA5BAA65-86F3-A3B8-4FE2-201EECFFFC88}.Release|Any CPU.ActiveCfg = Release|Any CPU
		{FA5BAA65-86F3-A3B8-4FE2-201EECFFFC88}.Release|Any CPU.Build.0 = Release|Any CPU
		{45BEA5C6-B4D3-E203-25B2-5C0816139E94}.Debug|Any CPU.ActiveCfg = Debug|Any CPU
		{45BEA5C6-B4D3-E203-25B2-5C0816139E94}.Debug|Any CPU.Build.0 = Debug|Any CPU
		{45BEA5C6-B4D3-E203-25B2-5C0816139E94}.Release|Any CPU.ActiveCfg = Release|Any CPU
		{45BEA5C6-B4D3-E203-25B2-5C0816139E94}.Release|Any CPU.Build.0 = Release|Any CPU
		{77CD7E97-3EF3-4729-685D-6C00485AB3C1}.Debug|Any CPU.ActiveCfg = Debug|Any CPU
		{77CD7E97-3EF3-4729-685D-6C00485AB3C1}.Debug|Any CPU.Build.0 = Debug|Any CPU
		{77CD7E97-3EF3-4729-685D-6C00485AB3C1}.Release|Any CPU.ActiveCfg = Release|Any CPU
		{77CD7E97-3EF3-4729-685D-6C00485AB3C1}.Release|Any CPU.Build.0 = Release|Any CPU
		{DA576500-D5C6-C506-F19F-F0283360707C}.Debug|Any CPU.ActiveCfg = Debug|Any CPU
		{DA576500-D5C6-C506-F19F-F0283360707C}.Debug|Any CPU.Build.0 = Debug|Any CPU
		{DA576500-D5C6-C506-F19F-F0283360707C}.Release|Any CPU.ActiveCfg = Release|Any CPU
		{DA576500-D5C6-C506-F19F-F0283360707C}.Release|Any CPU.Build.0 = Release|Any CPU
		{6F52E1F2-3460-84D9-76EB-BCFDBFA4BB5C}.Debug|Any CPU.ActiveCfg = Debug|Any CPU
		{6F52E1F2-3460-84D9-76EB-BCFDBFA4BB5C}.Debug|Any CPU.Build.0 = Debug|Any CPU
		{6F52E1F2-3460-84D9-76EB-BCFDBFA4BB5C}.Release|Any CPU.ActiveCfg = Release|Any CPU
		{6F52E1F2-3460-84D9-76EB-BCFDBFA4BB5C}.Release|Any CPU.Build.0 = Release|Any CPU
		{CEF2E628-3338-F4BF-F934-66B0CAB09C31}.Debug|Any CPU.ActiveCfg = Debug|Any CPU
		{CEF2E628-3338-F4BF-F934-66B0CAB09C31}.Debug|Any CPU.Build.0 = Debug|Any CPU
		{CEF2E628-3338-F4BF-F934-66B0CAB09C31}.Release|Any CPU.ActiveCfg = Release|Any CPU
		{CEF2E628-3338-F4BF-F934-66B0CAB09C31}.Release|Any CPU.Build.0 = Release|Any CPU
		{56EF3CD5-7918-66BC-42E7-405C5A8AA460}.Debug|Any CPU.ActiveCfg = Debug|Any CPU
		{56EF3CD5-7918-66BC-42E7-405C5A8AA460}.Debug|Any CPU.Build.0 = Debug|Any CPU
		{56EF3CD5-7918-66BC-42E7-405C5A8AA460}.Release|Any CPU.ActiveCfg = Release|Any CPU
		{56EF3CD5-7918-66BC-42E7-405C5A8AA460}.Release|Any CPU.Build.0 = Release|Any CPU
		{3079BA90-0FBA-43B2-437C-D18E27140475}.Debug|Any CPU.ActiveCfg = Debug|Any CPU
		{3079BA90-0FBA-43B2-437C-D18E27140475}.Debug|Any CPU.Build.0 = Debug|Any CPU
		{3079BA90-0FBA-43B2-437C-D18E27140475}.Release|Any CPU.ActiveCfg = Release|Any CPU
		{3079BA90-0FBA-43B2-437C-D18E27140475}.Release|Any CPU.Build.0 = Release|Any CPU
		{2F6BFA2C-F2D3-04DB-06C1-C004665AC9EE}.Debug|Any CPU.ActiveCfg = Debug|Any CPU
		{2F6BFA2C-F2D3-04DB-06C1-C004665AC9EE}.Debug|Any CPU.Build.0 = Debug|Any CPU
		{2F6BFA2C-F2D3-04DB-06C1-C004665AC9EE}.Release|Any CPU.ActiveCfg = Release|Any CPU
		{2F6BFA2C-F2D3-04DB-06C1-C004665AC9EE}.Release|Any CPU.Build.0 = Release|Any CPU
		{A08AFBB4-2213-093E-C7FF-1452B75E4BAB}.Debug|Any CPU.ActiveCfg = Debug|Any CPU
		{A08AFBB4-2213-093E-C7FF-1452B75E4BAB}.Debug|Any CPU.Build.0 = Debug|Any CPU
		{A08AFBB4-2213-093E-C7FF-1452B75E4BAB}.Release|Any CPU.ActiveCfg = Release|Any CPU
		{A08AFBB4-2213-093E-C7FF-1452B75E4BAB}.Release|Any CPU.Build.0 = Release|Any CPU
		{723FB922-E279-F00A-1557-BD77F5653770}.Debug|Any CPU.ActiveCfg = Debug|Any CPU
		{723FB922-E279-F00A-1557-BD77F5653770}.Debug|Any CPU.Build.0 = Debug|Any CPU
		{723FB922-E279-F00A-1557-BD77F5653770}.Release|Any CPU.ActiveCfg = Release|Any CPU
		{723FB922-E279-F00A-1557-BD77F5653770}.Release|Any CPU.Build.0 = Release|Any CPU
		{FDEE97CE-E484-385A-D63F-EF965EFD6139}.Debug|Any CPU.ActiveCfg = Debug|Any CPU
		{FDEE97CE-E484-385A-D63F-EF965EFD6139}.Debug|Any CPU.Build.0 = Debug|Any CPU
		{FDEE97CE-E484-385A-D63F-EF965EFD6139}.Release|Any CPU.ActiveCfg = Release|Any CPU
		{FDEE97CE-E484-385A-D63F-EF965EFD6139}.Release|Any CPU.Build.0 = Release|Any CPU
		{6DC63BB9-3F91-4A1A-B38B-3E04E39F61B9}.Debug|Any CPU.ActiveCfg = Debug|Any CPU
		{6DC63BB9-3F91-4A1A-B38B-3E04E39F61B9}.Debug|Any CPU.Build.0 = Debug|Any CPU
		{6DC63BB9-3F91-4A1A-B38B-3E04E39F61B9}.Release|Any CPU.ActiveCfg = Release|Any CPU
		{6DC63BB9-3F91-4A1A-B38B-3E04E39F61B9}.Release|Any CPU.Build.0 = Release|Any CPU
		{E7D04D99-1CB9-C052-54BA-A3FAC5317637}.Debug|Any CPU.ActiveCfg = Debug|Any CPU
		{E7D04D99-1CB9-C052-54BA-A3FAC5317637}.Debug|Any CPU.Build.0 = Debug|Any CPU
		{E7D04D99-1CB9-C052-54BA-A3FAC5317637}.Release|Any CPU.ActiveCfg = Release|Any CPU
		{E7D04D99-1CB9-C052-54BA-A3FAC5317637}.Release|Any CPU.Build.0 = Release|Any CPU
		{7B7D0CD2-A048-43FA-BAD5-2CC96085594F}.Debug|Any CPU.ActiveCfg = Debug|Any CPU
		{7B7D0CD2-A048-43FA-BAD5-2CC96085594F}.Debug|Any CPU.Build.0 = Debug|Any CPU
		{7B7D0CD2-A048-43FA-BAD5-2CC96085594F}.Release|Any CPU.ActiveCfg = Release|Any CPU
		{7B7D0CD2-A048-43FA-BAD5-2CC96085594F}.Release|Any CPU.Build.0 = Release|Any CPU
		{729C7293-9297-F972-EA67-FEB1913F3F49}.Debug|Any CPU.ActiveCfg = Debug|Any CPU
		{729C7293-9297-F972-EA67-FEB1913F3F49}.Debug|Any CPU.Build.0 = Debug|Any CPU
		{729C7293-9297-F972-EA67-FEB1913F3F49}.Release|Any CPU.ActiveCfg = Release|Any CPU
		{729C7293-9297-F972-EA67-FEB1913F3F49}.Release|Any CPU.Build.0 = Release|Any CPU
		{41647D02-6721-98E8-3012-E271C10BB594}.Debug|Any CPU.ActiveCfg = Debug|Any CPU
		{41647D02-6721-98E8-3012-E271C10BB594}.Debug|Any CPU.Build.0 = Debug|Any CPU
		{41647D02-6721-98E8-3012-E271C10BB594}.Release|Any CPU.ActiveCfg = Release|Any CPU
		{41647D02-6721-98E8-3012-E271C10BB594}.Release|Any CPU.Build.0 = Release|Any CPU
		{F46C39BE-2796-1195-B3BC-C2EEE4E391BF}.Debug|Any CPU.ActiveCfg = Debug|Any CPU
		{F46C39BE-2796-1195-B3BC-C2EEE4E391BF}.Debug|Any CPU.Build.0 = Debug|Any CPU
		{F46C39BE-2796-1195-B3BC-C2EEE4E391BF}.Release|Any CPU.ActiveCfg = Release|Any CPU
		{F46C39BE-2796-1195-B3BC-C2EEE4E391BF}.Release|Any CPU.Build.0 = Release|Any CPU
		{6E340007-466B-5FE2-E6CE-F4EEE0057807}.Debug|Any CPU.ActiveCfg = Debug|Any CPU
		{6E340007-466B-5FE2-E6CE-F4EEE0057807}.Debug|Any CPU.Build.0 = Debug|Any CPU
		{6E340007-466B-5FE2-E6CE-F4EEE0057807}.Release|Any CPU.ActiveCfg = Release|Any CPU
		{6E340007-466B-5FE2-E6CE-F4EEE0057807}.Release|Any CPU.Build.0 = Release|Any CPU
		{E923843C-6D35-CFB7-B3A4-192308F90F01}.Debug|Any CPU.ActiveCfg = Debug|Any CPU
		{E923843C-6D35-CFB7-B3A4-192308F90F01}.Debug|Any CPU.Build.0 = Debug|Any CPU
		{E923843C-6D35-CFB7-B3A4-192308F90F01}.Release|Any CPU.ActiveCfg = Release|Any CPU
		{E923843C-6D35-CFB7-B3A4-192308F90F01}.Release|Any CPU.Build.0 = Release|Any CPU
		{187CF13E-1D4E-ABFA-5175-C22F716D2E2B}.Debug|Any CPU.ActiveCfg = Debug|Any CPU
		{187CF13E-1D4E-ABFA-5175-C22F716D2E2B}.Debug|Any CPU.Build.0 = Debug|Any CPU
		{187CF13E-1D4E-ABFA-5175-C22F716D2E2B}.Release|Any CPU.ActiveCfg = Release|Any CPU
		{187CF13E-1D4E-ABFA-5175-C22F716D2E2B}.Release|Any CPU.Build.0 = Release|Any CPU
		{02B4C52F-A964-6734-8F74-85C707E2C66C}.Debug|Any CPU.ActiveCfg = Debug|Any CPU
		{02B4C52F-A964-6734-8F74-85C707E2C66C}.Debug|Any CPU.Build.0 = Debug|Any CPU
		{02B4C52F-A964-6734-8F74-85C707E2C66C}.Release|Any CPU.ActiveCfg = Release|Any CPU
		{02B4C52F-A964-6734-8F74-85C707E2C66C}.Release|Any CPU.Build.0 = Release|Any CPU
		{FD55E41E-3C43-72E5-33CC-F38F34EEF479}.Debug|Any CPU.ActiveCfg = Debug|Any CPU
		{FD55E41E-3C43-72E5-33CC-F38F34EEF479}.Debug|Any CPU.Build.0 = Debug|Any CPU
		{FD55E41E-3C43-72E5-33CC-F38F34EEF479}.Release|Any CPU.ActiveCfg = Release|Any CPU
		{FD55E41E-3C43-72E5-33CC-F38F34EEF479}.Release|Any CPU.Build.0 = Release|Any CPU
		{4B788CC8-F487-D5F4-4105-52F569F0A63B}.Debug|Any CPU.ActiveCfg = Debug|Any CPU
		{4B788CC8-F487-D5F4-4105-52F569F0A63B}.Debug|Any CPU.Build.0 = Debug|Any CPU
		{4B788CC8-F487-D5F4-4105-52F569F0A63B}.Release|Any CPU.ActiveCfg = Release|Any CPU
		{4B788CC8-F487-D5F4-4105-52F569F0A63B}.Release|Any CPU.Build.0 = Release|Any CPU
		{BEFCBB8B-741B-40F3-01A5-7498DB575042}.Debug|Any CPU.ActiveCfg = Debug|Any CPU
		{BEFCBB8B-741B-40F3-01A5-7498DB575042}.Debug|Any CPU.Build.0 = Debug|Any CPU
		{BEFCBB8B-741B-40F3-01A5-7498DB575042}.Release|Any CPU.ActiveCfg = Release|Any CPU
		{BEFCBB8B-741B-40F3-01A5-7498DB575042}.Release|Any CPU.Build.0 = Release|Any CPU
		{999392E1-9877-013F-1258-EB7EB27BDA65}.Debug|Any CPU.ActiveCfg = Debug|Any CPU
		{999392E1-9877-013F-1258-EB7EB27BDA65}.Debug|Any CPU.Build.0 = Debug|Any CPU
		{999392E1-9877-013F-1258-EB7EB27BDA65}.Release|Any CPU.ActiveCfg = Release|Any CPU
		{999392E1-9877-013F-1258-EB7EB27BDA65}.Release|Any CPU.Build.0 = Release|Any CPU
		{561797DF-F785-0B56-3896-A8FC0C2D77FA}.Debug|Any CPU.ActiveCfg = Debug|Any CPU
		{561797DF-F785-0B56-3896-A8FC0C2D77FA}.Debug|Any CPU.Build.0 = Debug|Any CPU
		{561797DF-F785-0B56-3896-A8FC0C2D77FA}.Release|Any CPU.ActiveCfg = Release|Any CPU
		{561797DF-F785-0B56-3896-A8FC0C2D77FA}.Release|Any CPU.Build.0 = Release|Any CPU
		{2162AC25-44EF-8AA2-5F65-B92C784074E1}.Debug|Any CPU.ActiveCfg = Debug|Any CPU
		{2162AC25-44EF-8AA2-5F65-B92C784074E1}.Debug|Any CPU.Build.0 = Debug|Any CPU
		{2162AC25-44EF-8AA2-5F65-B92C784074E1}.Release|Any CPU.ActiveCfg = Release|Any CPU
		{2162AC25-44EF-8AA2-5F65-B92C784074E1}.Release|Any CPU.Build.0 = Release|Any CPU
		{363E28DD-4E21-546D-EB8B-C8BDA14B5031}.Debug|Any CPU.ActiveCfg = Debug|Any CPU
		{363E28DD-4E21-546D-EB8B-C8BDA14B5031}.Debug|Any CPU.Build.0 = Debug|Any CPU
		{363E28DD-4E21-546D-EB8B-C8BDA14B5031}.Release|Any CPU.ActiveCfg = Release|Any CPU
		{363E28DD-4E21-546D-EB8B-C8BDA14B5031}.Release|Any CPU.Build.0 = Release|Any CPU
		{1225AC90-7AFD-E641-7A19-028D96B0AD0F}.Debug|Any CPU.ActiveCfg = Debug|Any CPU
		{1225AC90-7AFD-E641-7A19-028D96B0AD0F}.Debug|Any CPU.Build.0 = Debug|Any CPU
		{1225AC90-7AFD-E641-7A19-028D96B0AD0F}.Release|Any CPU.ActiveCfg = Release|Any CPU
		{1225AC90-7AFD-E641-7A19-028D96B0AD0F}.Release|Any CPU.Build.0 = Release|Any CPU
		{7723D808-6132-E887-2599-13197526F8B4}.Debug|Any CPU.ActiveCfg = Debug|Any CPU
		{7723D808-6132-E887-2599-13197526F8B4}.Debug|Any CPU.Build.0 = Debug|Any CPU
		{7723D808-6132-E887-2599-13197526F8B4}.Release|Any CPU.ActiveCfg = Release|Any CPU
		{7723D808-6132-E887-2599-13197526F8B4}.Release|Any CPU.Build.0 = Release|Any CPU
		{3D7ADEC8-6CFF-131D-13E8-057BC1965E16}.Debug|Any CPU.ActiveCfg = Debug|Any CPU
		{3D7ADEC8-6CFF-131D-13E8-057BC1965E16}.Debug|Any CPU.Build.0 = Debug|Any CPU
		{3D7ADEC8-6CFF-131D-13E8-057BC1965E16}.Release|Any CPU.ActiveCfg = Release|Any CPU
		{3D7ADEC8-6CFF-131D-13E8-057BC1965E16}.Release|Any CPU.Build.0 = Release|Any CPU
		{7216EEA2-DAE6-06E3-03F9-D8F86B65A9A5}.Debug|Any CPU.ActiveCfg = Debug|Any CPU
		{7216EEA2-DAE6-06E3-03F9-D8F86B65A9A5}.Debug|Any CPU.Build.0 = Debug|Any CPU
		{7216EEA2-DAE6-06E3-03F9-D8F86B65A9A5}.Release|Any CPU.ActiveCfg = Release|Any CPU
		{7216EEA2-DAE6-06E3-03F9-D8F86B65A9A5}.Release|Any CPU.Build.0 = Release|Any CPU
		{876C6CA8-7BAF-044E-56BF-263AC89857E4}.Debug|Any CPU.ActiveCfg = Debug|Any CPU
		{876C6CA8-7BAF-044E-56BF-263AC89857E4}.Debug|Any CPU.Build.0 = Debug|Any CPU
		{876C6CA8-7BAF-044E-56BF-263AC89857E4}.Release|Any CPU.ActiveCfg = Release|Any CPU
		{876C6CA8-7BAF-044E-56BF-263AC89857E4}.Release|Any CPU.Build.0 = Release|Any CPU
		{E3595685-4499-1B99-EA0A-1EA1CDE1E141}.Debug|Any CPU.ActiveCfg = Debug|Any CPU
		{E3595685-4499-1B99-EA0A-1EA1CDE1E141}.Debug|Any CPU.Build.0 = Debug|Any CPU
		{E3595685-4499-1B99-EA0A-1EA1CDE1E141}.Release|Any CPU.ActiveCfg = Release|Any CPU
		{E3595685-4499-1B99-EA0A-1EA1CDE1E141}.Release|Any CPU.Build.0 = Release|Any CPU
		{68A9475C-D3C8-CAEF-A9DF-F0D53F549CDA}.Debug|Any CPU.ActiveCfg = Debug|Any CPU
		{68A9475C-D3C8-CAEF-A9DF-F0D53F549CDA}.Debug|Any CPU.Build.0 = Debug|Any CPU
		{68A9475C-D3C8-CAEF-A9DF-F0D53F549CDA}.Release|Any CPU.ActiveCfg = Release|Any CPU
		{68A9475C-D3C8-CAEF-A9DF-F0D53F549CDA}.Release|Any CPU.Build.0 = Release|Any CPU
		{703CBD78-3AB0-4D23-F610-9DEEF27948BA}.Debug|Any CPU.ActiveCfg = Debug|Any CPU
		{703CBD78-3AB0-4D23-F610-9DEEF27948BA}.Debug|Any CPU.Build.0 = Debug|Any CPU
		{703CBD78-3AB0-4D23-F610-9DEEF27948BA}.Release|Any CPU.ActiveCfg = Release|Any CPU
		{703CBD78-3AB0-4D23-F610-9DEEF27948BA}.Release|Any CPU.Build.0 = Release|Any CPU
		{5F0C2EB1-2CF2-AC5A-94F9-6C02B4D3CBE7}.Debug|Any CPU.ActiveCfg = Debug|Any CPU
		{5F0C2EB1-2CF2-AC5A-94F9-6C02B4D3CBE7}.Debug|Any CPU.Build.0 = Debug|Any CPU
		{5F0C2EB1-2CF2-AC5A-94F9-6C02B4D3CBE7}.Release|Any CPU.ActiveCfg = Release|Any CPU
		{5F0C2EB1-2CF2-AC5A-94F9-6C02B4D3CBE7}.Release|Any CPU.Build.0 = Release|Any CPU
		{7A340933-84D9-C2CE-E515-D5057C6B0922}.Debug|Any CPU.ActiveCfg = Debug|Any CPU
		{7A340933-84D9-C2CE-E515-D5057C6B0922}.Debug|Any CPU.Build.0 = Debug|Any CPU
		{7A340933-84D9-C2CE-E515-D5057C6B0922}.Release|Any CPU.ActiveCfg = Release|Any CPU
		{7A340933-84D9-C2CE-E515-D5057C6B0922}.Release|Any CPU.Build.0 = Release|Any CPU
		{62071A1D-C805-F347-A817-22446F752BFB}.Debug|Any CPU.ActiveCfg = Debug|Any CPU
		{62071A1D-C805-F347-A817-22446F752BFB}.Debug|Any CPU.Build.0 = Debug|Any CPU
		{62071A1D-C805-F347-A817-22446F752BFB}.Release|Any CPU.ActiveCfg = Release|Any CPU
		{62071A1D-C805-F347-A817-22446F752BFB}.Release|Any CPU.Build.0 = Release|Any CPU
		{B7585CE6-6600-49EF-801E-A00BC0D351D7}.Debug|Any CPU.ActiveCfg = Debug|Any CPU
		{B7585CE6-6600-49EF-801E-A00BC0D351D7}.Debug|Any CPU.Build.0 = Debug|Any CPU
		{B7585CE6-6600-49EF-801E-A00BC0D351D7}.Release|Any CPU.ActiveCfg = Release|Any CPU
		{B7585CE6-6600-49EF-801E-A00BC0D351D7}.Release|Any CPU.Build.0 = Release|Any CPU
		{2C865269-8C2D-F823-640C-343A788678CE}.Debug|Any CPU.ActiveCfg = Debug|Any CPU
		{2C865269-8C2D-F823-640C-343A788678CE}.Debug|Any CPU.Build.0 = Debug|Any CPU
		{2C865269-8C2D-F823-640C-343A788678CE}.Release|Any CPU.ActiveCfg = Release|Any CPU
		{2C865269-8C2D-F823-640C-343A788678CE}.Release|Any CPU.Build.0 = Release|Any CPU
		{29283090-0E9D-CA9F-0002-A02E4799DE34}.Debug|Any CPU.ActiveCfg = Debug|Any CPU
		{29283090-0E9D-CA9F-0002-A02E4799DE34}.Debug|Any CPU.Build.0 = Debug|Any CPU
		{29283090-0E9D-CA9F-0002-A02E4799DE34}.Release|Any CPU.ActiveCfg = Release|Any CPU
		{29283090-0E9D-CA9F-0002-A02E4799DE34}.Release|Any CPU.Build.0 = Release|Any CPU
		{E0CAC734-46C8-6095-1393-A2337458AA90}.Debug|Any CPU.ActiveCfg = Debug|Any CPU
		{E0CAC734-46C8-6095-1393-A2337458AA90}.Debug|Any CPU.Build.0 = Debug|Any CPU
		{E0CAC734-46C8-6095-1393-A2337458AA90}.Release|Any CPU.ActiveCfg = Release|Any CPU
		{E0CAC734-46C8-6095-1393-A2337458AA90}.Release|Any CPU.Build.0 = Release|Any CPU
		{50904AF6-B1D1-81B0-C31C-3967409FB0FD}.Debug|Any CPU.ActiveCfg = Debug|Any CPU
		{50904AF6-B1D1-81B0-C31C-3967409FB0FD}.Debug|Any CPU.Build.0 = Debug|Any CPU
		{50904AF6-B1D1-81B0-C31C-3967409FB0FD}.Release|Any CPU.ActiveCfg = Release|Any CPU
		{50904AF6-B1D1-81B0-C31C-3967409FB0FD}.Release|Any CPU.Build.0 = Release|Any CPU
		{FFE2F2B5-43F7-6399-DC2B-0D5CC917C139}.Debug|Any CPU.ActiveCfg = Debug|Any CPU
		{FFE2F2B5-43F7-6399-DC2B-0D5CC917C139}.Debug|Any CPU.Build.0 = Debug|Any CPU
		{FFE2F2B5-43F7-6399-DC2B-0D5CC917C139}.Release|Any CPU.ActiveCfg = Release|Any CPU
		{FFE2F2B5-43F7-6399-DC2B-0D5CC917C139}.Release|Any CPU.Build.0 = Release|Any CPU
		{BA198A42-58C5-D5D3-7418-7E5A3A4B247A}.Debug|Any CPU.ActiveCfg = Debug|Any CPU
		{BA198A42-58C5-D5D3-7418-7E5A3A4B247A}.Debug|Any CPU.Build.0 = Debug|Any CPU
		{BA198A42-58C5-D5D3-7418-7E5A3A4B247A}.Release|Any CPU.ActiveCfg = Release|Any CPU
		{BA198A42-58C5-D5D3-7418-7E5A3A4B247A}.Release|Any CPU.Build.0 = Release|Any CPU
		{0693B19A-3517-4B83-8B97-D1575C517A81}.Debug|Any CPU.ActiveCfg = Debug|Any CPU
		{0693B19A-3517-4B83-8B97-D1575C517A81}.Debug|Any CPU.Build.0 = Debug|Any CPU
		{0693B19A-3517-4B83-8B97-D1575C517A81}.Release|Any CPU.ActiveCfg = Release|Any CPU
		{0693B19A-3517-4B83-8B97-D1575C517A81}.Release|Any CPU.Build.0 = Release|Any CPU
		{226D521B-F3CE-34DC-7C97-4CB2CB81E371}.Debug|Any CPU.ActiveCfg = Debug|Any CPU
		{226D521B-F3CE-34DC-7C97-4CB2CB81E371}.Debug|Any CPU.Build.0 = Debug|Any CPU
		{226D521B-F3CE-34DC-7C97-4CB2CB81E371}.Release|Any CPU.ActiveCfg = Release|Any CPU
		{226D521B-F3CE-34DC-7C97-4CB2CB81E371}.Release|Any CPU.Build.0 = Release|Any CPU
		{2A07DA75-0627-21E7-4B3F-D980CF19B5F8}.Debug|Any CPU.ActiveCfg = Debug|Any CPU
		{2A07DA75-0627-21E7-4B3F-D980CF19B5F8}.Debug|Any CPU.Build.0 = Debug|Any CPU
		{2A07DA75-0627-21E7-4B3F-D980CF19B5F8}.Release|Any CPU.ActiveCfg = Release|Any CPU
		{2A07DA75-0627-21E7-4B3F-D980CF19B5F8}.Release|Any CPU.Build.0 = Release|Any CPU
		{081A7AB6-9E15-E6BB-98C4-18EC6B50B481}.Debug|Any CPU.ActiveCfg = Debug|Any CPU
		{081A7AB6-9E15-E6BB-98C4-18EC6B50B481}.Debug|Any CPU.Build.0 = Debug|Any CPU
		{081A7AB6-9E15-E6BB-98C4-18EC6B50B481}.Release|Any CPU.ActiveCfg = Release|Any CPU
		{081A7AB6-9E15-E6BB-98C4-18EC6B50B481}.Release|Any CPU.Build.0 = Release|Any CPU
		{18CF8F66-093A-3A88-BBF0-1F6E7A8C1069}.Debug|Any CPU.ActiveCfg = Debug|Any CPU
		{18CF8F66-093A-3A88-BBF0-1F6E7A8C1069}.Debug|Any CPU.Build.0 = Debug|Any CPU
		{18CF8F66-093A-3A88-BBF0-1F6E7A8C1069}.Release|Any CPU.ActiveCfg = Release|Any CPU
		{18CF8F66-093A-3A88-BBF0-1F6E7A8C1069}.Release|Any CPU.Build.0 = Release|Any CPU
		{E68D2E6F-BA35-6BEE-45B6-F72CEB092D3B}.Debug|Any CPU.ActiveCfg = Debug|Any CPU
		{E68D2E6F-BA35-6BEE-45B6-F72CEB092D3B}.Debug|Any CPU.Build.0 = Debug|Any CPU
		{E68D2E6F-BA35-6BEE-45B6-F72CEB092D3B}.Release|Any CPU.ActiveCfg = Release|Any CPU
		{E68D2E6F-BA35-6BEE-45B6-F72CEB092D3B}.Release|Any CPU.Build.0 = Release|Any CPU
		{37554BE2-11E6-282A-AF18-2A0A47B23597}.Debug|Any CPU.ActiveCfg = Debug|Any CPU
		{37554BE2-11E6-282A-AF18-2A0A47B23597}.Debug|Any CPU.Build.0 = Debug|Any CPU
		{37554BE2-11E6-282A-AF18-2A0A47B23597}.Release|Any CPU.ActiveCfg = Release|Any CPU
		{37554BE2-11E6-282A-AF18-2A0A47B23597}.Release|Any CPU.Build.0 = Release|Any CPU
		{C21613A9-F2C7-4CEB-36F5-C40BE41AB37B}.Debug|Any CPU.ActiveCfg = Debug|Any CPU
		{C21613A9-F2C7-4CEB-36F5-C40BE41AB37B}.Debug|Any CPU.Build.0 = Debug|Any CPU
		{C21613A9-F2C7-4CEB-36F5-C40BE41AB37B}.Release|Any CPU.ActiveCfg = Release|Any CPU
		{C21613A9-F2C7-4CEB-36F5-C40BE41AB37B}.Release|Any CPU.Build.0 = Release|Any CPU
		{2C70821E-F7F6-2D0C-5C5D-644CC1C93143}.Debug|Any CPU.ActiveCfg = Debug|Any CPU
		{2C70821E-F7F6-2D0C-5C5D-644CC1C93143}.Debug|Any CPU.Build.0 = Debug|Any CPU
		{2C70821E-F7F6-2D0C-5C5D-644CC1C93143}.Release|Any CPU.ActiveCfg = Release|Any CPU
		{2C70821E-F7F6-2D0C-5C5D-644CC1C93143}.Release|Any CPU.Build.0 = Release|Any CPU
		{4C3D58EB-906B-B103-7E5F-BCE0BB90301F}.Debug|Any CPU.ActiveCfg = Debug|Any CPU
		{4C3D58EB-906B-B103-7E5F-BCE0BB90301F}.Debug|Any CPU.Build.0 = Debug|Any CPU
		{4C3D58EB-906B-B103-7E5F-BCE0BB90301F}.Release|Any CPU.ActiveCfg = Release|Any CPU
		{4C3D58EB-906B-B103-7E5F-BCE0BB90301F}.Release|Any CPU.Build.0 = Release|Any CPU
		{A564D71C-D865-B9CE-A86D-13CF38EC3F51}.Debug|Any CPU.ActiveCfg = Debug|Any CPU
		{A564D71C-D865-B9CE-A86D-13CF38EC3F51}.Debug|Any CPU.Build.0 = Debug|Any CPU
		{A564D71C-D865-B9CE-A86D-13CF38EC3F51}.Release|Any CPU.ActiveCfg = Release|Any CPU
		{A564D71C-D865-B9CE-A86D-13CF38EC3F51}.Release|Any CPU.Build.0 = Release|Any CPU
		{9DA2D570-8D32-6079-D021-707ECABC666C}.Debug|Any CPU.ActiveCfg = Debug|Any CPU
		{9DA2D570-8D32-6079-D021-707ECABC666C}.Debug|Any CPU.Build.0 = Debug|Any CPU
		{9DA2D570-8D32-6079-D021-707ECABC666C}.Release|Any CPU.ActiveCfg = Release|Any CPU
		{9DA2D570-8D32-6079-D021-707ECABC666C}.Release|Any CPU.Build.0 = Release|Any CPU
		{ECFF7A2F-C27F-BBA4-E275-F0B4B3CE1AC0}.Debug|Any CPU.ActiveCfg = Debug|Any CPU
		{ECFF7A2F-C27F-BBA4-E275-F0B4B3CE1AC0}.Debug|Any CPU.Build.0 = Debug|Any CPU
		{ECFF7A2F-C27F-BBA4-E275-F0B4B3CE1AC0}.Release|Any CPU.ActiveCfg = Release|Any CPU
		{ECFF7A2F-C27F-BBA4-E275-F0B4B3CE1AC0}.Release|Any CPU.Build.0 = Release|Any CPU
		{F0801CE3-4CB3-B762-2651-38CB48A82A2C}.Debug|Any CPU.ActiveCfg = Debug|Any CPU
		{F0801CE3-4CB3-B762-2651-38CB48A82A2C}.Debug|Any CPU.Build.0 = Debug|Any CPU
		{F0801CE3-4CB3-B762-2651-38CB48A82A2C}.Release|Any CPU.ActiveCfg = Release|Any CPU
		{F0801CE3-4CB3-B762-2651-38CB48A82A2C}.Release|Any CPU.Build.0 = Release|Any CPU
		{00C15F61-7922-1983-22F8-D547BEF583AD}.Debug|Any CPU.ActiveCfg = Debug|Any CPU
		{00C15F61-7922-1983-22F8-D547BEF583AD}.Debug|Any CPU.Build.0 = Debug|Any CPU
		{00C15F61-7922-1983-22F8-D547BEF583AD}.Release|Any CPU.ActiveCfg = Release|Any CPU
		{00C15F61-7922-1983-22F8-D547BEF583AD}.Release|Any CPU.Build.0 = Release|Any CPU
		{A4DF315A-76F6-AC4F-4206-15B3AB0EAE77}.Debug|Any CPU.ActiveCfg = Debug|Any CPU
		{A4DF315A-76F6-AC4F-4206-15B3AB0EAE77}.Debug|Any CPU.Build.0 = Debug|Any CPU
		{A4DF315A-76F6-AC4F-4206-15B3AB0EAE77}.Release|Any CPU.ActiveCfg = Release|Any CPU
		{A4DF315A-76F6-AC4F-4206-15B3AB0EAE77}.Release|Any CPU.Build.0 = Release|Any CPU
		{02EF7117-0151-FAFE-01D8-512BD50531C4}.Debug|Any CPU.ActiveCfg = Debug|Any CPU
		{02EF7117-0151-FAFE-01D8-512BD50531C4}.Debug|Any CPU.Build.0 = Debug|Any CPU
		{02EF7117-0151-FAFE-01D8-512BD50531C4}.Release|Any CPU.ActiveCfg = Release|Any CPU
		{02EF7117-0151-FAFE-01D8-512BD50531C4}.Release|Any CPU.Build.0 = Release|Any CPU
		{60531857-4C6E-3E82-95EB-D123F8C90377}.Debug|Any CPU.ActiveCfg = Debug|Any CPU
		{60531857-4C6E-3E82-95EB-D123F8C90377}.Debug|Any CPU.Build.0 = Debug|Any CPU
		{60531857-4C6E-3E82-95EB-D123F8C90377}.Release|Any CPU.ActiveCfg = Release|Any CPU
		{60531857-4C6E-3E82-95EB-D123F8C90377}.Release|Any CPU.Build.0 = Release|Any CPU
		{2111FE7D-7A25-148E-F8A4-476C8D202478}.Debug|Any CPU.ActiveCfg = Debug|Any CPU
		{2111FE7D-7A25-148E-F8A4-476C8D202478}.Debug|Any CPU.Build.0 = Debug|Any CPU
		{2111FE7D-7A25-148E-F8A4-476C8D202478}.Release|Any CPU.ActiveCfg = Release|Any CPU
		{2111FE7D-7A25-148E-F8A4-476C8D202478}.Release|Any CPU.Build.0 = Release|Any CPU
		{47010FD5-B6A3-A99D-2420-9D4E97CFBD86}.Debug|Any CPU.ActiveCfg = Debug|Any CPU
		{47010FD5-B6A3-A99D-2420-9D4E97CFBD86}.Debug|Any CPU.Build.0 = Debug|Any CPU
		{47010FD5-B6A3-A99D-2420-9D4E97CFBD86}.Release|Any CPU.ActiveCfg = Release|Any CPU
		{47010FD5-B6A3-A99D-2420-9D4E97CFBD86}.Release|Any CPU.Build.0 = Release|Any CPU
		{70D3217C-965D-AC32-5F56-818FDA3B58CB}.Debug|Any CPU.ActiveCfg = Debug|Any CPU
		{70D3217C-965D-AC32-5F56-818FDA3B58CB}.Debug|Any CPU.Build.0 = Debug|Any CPU
		{70D3217C-965D-AC32-5F56-818FDA3B58CB}.Release|Any CPU.ActiveCfg = Release|Any CPU
		{70D3217C-965D-AC32-5F56-818FDA3B58CB}.Release|Any CPU.Build.0 = Release|Any CPU
		{77E35D67-8F20-D02A-E0B1-A24089C14349}.Debug|Any CPU.ActiveCfg = Debug|Any CPU
		{77E35D67-8F20-D02A-E0B1-A24089C14349}.Debug|Any CPU.Build.0 = Debug|Any CPU
		{77E35D67-8F20-D02A-E0B1-A24089C14349}.Release|Any CPU.ActiveCfg = Release|Any CPU
		{77E35D67-8F20-D02A-E0B1-A24089C14349}.Release|Any CPU.Build.0 = Release|Any CPU
		{6FBC9522-F330-73D4-F0FC-E2AE9690C713}.Debug|Any CPU.ActiveCfg = Debug|Any CPU
		{6FBC9522-F330-73D4-F0FC-E2AE9690C713}.Debug|Any CPU.Build.0 = Debug|Any CPU
		{6FBC9522-F330-73D4-F0FC-E2AE9690C713}.Release|Any CPU.ActiveCfg = Release|Any CPU
		{6FBC9522-F330-73D4-F0FC-E2AE9690C713}.Release|Any CPU.Build.0 = Release|Any CPU
		{12951E58-1EB9-8A7D-1809-F38EA9F4D1F7}.Debug|Any CPU.ActiveCfg = Debug|Any CPU
		{12951E58-1EB9-8A7D-1809-F38EA9F4D1F7}.Debug|Any CPU.Build.0 = Debug|Any CPU
		{12951E58-1EB9-8A7D-1809-F38EA9F4D1F7}.Release|Any CPU.ActiveCfg = Release|Any CPU
		{12951E58-1EB9-8A7D-1809-F38EA9F4D1F7}.Release|Any CPU.Build.0 = Release|Any CPU
		{99649689-50D6-235F-BE6D-36DC6B975C37}.Debug|Any CPU.ActiveCfg = Debug|Any CPU
		{99649689-50D6-235F-BE6D-36DC6B975C37}.Debug|Any CPU.Build.0 = Debug|Any CPU
		{99649689-50D6-235F-BE6D-36DC6B975C37}.Release|Any CPU.ActiveCfg = Release|Any CPU
		{99649689-50D6-235F-BE6D-36DC6B975C37}.Release|Any CPU.Build.0 = Release|Any CPU
		{A076FB60-DB91-5708-EA32-1ECCE66C4FBA}.Debug|Any CPU.ActiveCfg = Debug|Any CPU
		{A076FB60-DB91-5708-EA32-1ECCE66C4FBA}.Debug|Any CPU.Build.0 = Debug|Any CPU
		{A076FB60-DB91-5708-EA32-1ECCE66C4FBA}.Release|Any CPU.ActiveCfg = Release|Any CPU
		{A076FB60-DB91-5708-EA32-1ECCE66C4FBA}.Release|Any CPU.Build.0 = Release|Any CPU
		{70CC204F-0CA8-28FD-82E4-1EACAAF7604B}.Debug|Any CPU.ActiveCfg = Debug|Any CPU
		{70CC204F-0CA8-28FD-82E4-1EACAAF7604B}.Debug|Any CPU.Build.0 = Debug|Any CPU
		{70CC204F-0CA8-28FD-82E4-1EACAAF7604B}.Release|Any CPU.ActiveCfg = Release|Any CPU
		{70CC204F-0CA8-28FD-82E4-1EACAAF7604B}.Release|Any CPU.Build.0 = Release|Any CPU
		{0C7D2164-2D6E-1D7D-16FF-D3B9631C37B4}.Debug|Any CPU.ActiveCfg = Debug|Any CPU
		{0C7D2164-2D6E-1D7D-16FF-D3B9631C37B4}.Debug|Any CPU.Build.0 = Debug|Any CPU
		{0C7D2164-2D6E-1D7D-16FF-D3B9631C37B4}.Release|Any CPU.ActiveCfg = Release|Any CPU
		{0C7D2164-2D6E-1D7D-16FF-D3B9631C37B4}.Release|Any CPU.Build.0 = Release|Any CPU
		{727A9463-A4FC-DD82-0EF3-913F632570A4}.Debug|Any CPU.ActiveCfg = Debug|Any CPU
		{727A9463-A4FC-DD82-0EF3-913F632570A4}.Debug|Any CPU.Build.0 = Debug|Any CPU
		{727A9463-A4FC-DD82-0EF3-913F632570A4}.Release|Any CPU.ActiveCfg = Release|Any CPU
		{727A9463-A4FC-DD82-0EF3-913F632570A4}.Release|Any CPU.Build.0 = Release|Any CPU
		{FF586DE0-3962-B5EC-F151-CF3C6058A0A8}.Debug|Any CPU.ActiveCfg = Debug|Any CPU
		{FF586DE0-3962-B5EC-F151-CF3C6058A0A8}.Debug|Any CPU.Build.0 = Debug|Any CPU
		{FF586DE0-3962-B5EC-F151-CF3C6058A0A8}.Release|Any CPU.ActiveCfg = Release|Any CPU
		{FF586DE0-3962-B5EC-F151-CF3C6058A0A8}.Release|Any CPU.Build.0 = Release|Any CPU
		{3F06E1E3-42BA-3B8E-93EF-659389F18716}.Debug|Any CPU.ActiveCfg = Debug|Any CPU
		{3F06E1E3-42BA-3B8E-93EF-659389F18716}.Debug|Any CPU.Build.0 = Debug|Any CPU
		{3F06E1E3-42BA-3B8E-93EF-659389F18716}.Release|Any CPU.ActiveCfg = Release|Any CPU
		{3F06E1E3-42BA-3B8E-93EF-659389F18716}.Release|Any CPU.Build.0 = Release|Any CPU
		{20EE9241-FE56-D119-69F8-9CFED965A215}.Debug|Any CPU.ActiveCfg = Debug|Any CPU
		{20EE9241-FE56-D119-69F8-9CFED965A215}.Debug|Any CPU.Build.0 = Debug|Any CPU
		{20EE9241-FE56-D119-69F8-9CFED965A215}.Release|Any CPU.ActiveCfg = Release|Any CPU
		{20EE9241-FE56-D119-69F8-9CFED965A215}.Release|Any CPU.Build.0 = Release|Any CPU
		{6E83AC14-F16F-944D-395E-7B8F5CAF0683}.Debug|Any CPU.ActiveCfg = Debug|Any CPU
		{6E83AC14-F16F-944D-395E-7B8F5CAF0683}.Debug|Any CPU.Build.0 = Debug|Any CPU
		{6E83AC14-F16F-944D-395E-7B8F5CAF0683}.Release|Any CPU.ActiveCfg = Release|Any CPU
		{6E83AC14-F16F-944D-395E-7B8F5CAF0683}.Release|Any CPU.Build.0 = Release|Any CPU
		{E3D57EF2-9537-9D76-B1F4-DFC981103A7B}.Debug|Any CPU.ActiveCfg = Debug|Any CPU
		{E3D57EF2-9537-9D76-B1F4-DFC981103A7B}.Debug|Any CPU.Build.0 = Debug|Any CPU
		{E3D57EF2-9537-9D76-B1F4-DFC981103A7B}.Release|Any CPU.ActiveCfg = Release|Any CPU
		{E3D57EF2-9537-9D76-B1F4-DFC981103A7B}.Release|Any CPU.Build.0 = Release|Any CPU
		{886B97E1-09FE-86AA-B848-45F75037D800}.Debug|Any CPU.ActiveCfg = Debug|Any CPU
		{886B97E1-09FE-86AA-B848-45F75037D800}.Debug|Any CPU.Build.0 = Debug|Any CPU
		{886B97E1-09FE-86AA-B848-45F75037D800}.Release|Any CPU.ActiveCfg = Release|Any CPU
		{886B97E1-09FE-86AA-B848-45F75037D800}.Release|Any CPU.Build.0 = Release|Any CPU
		{4BA848DF-B110-3CE4-11A6-85ED7323CA8D}.Debug|Any CPU.ActiveCfg = Debug|Any CPU
		{4BA848DF-B110-3CE4-11A6-85ED7323CA8D}.Debug|Any CPU.Build.0 = Debug|Any CPU
		{4BA848DF-B110-3CE4-11A6-85ED7323CA8D}.Release|Any CPU.ActiveCfg = Release|Any CPU
		{4BA848DF-B110-3CE4-11A6-85ED7323CA8D}.Release|Any CPU.Build.0 = Release|Any CPU
		{9AC99984-8753-4337-282D-3CF0658044A4}.Debug|Any CPU.ActiveCfg = Debug|Any CPU
		{9AC99984-8753-4337-282D-3CF0658044A4}.Debug|Any CPU.Build.0 = Debug|Any CPU
		{9AC99984-8753-4337-282D-3CF0658044A4}.Release|Any CPU.ActiveCfg = Release|Any CPU
		{9AC99984-8753-4337-282D-3CF0658044A4}.Release|Any CPU.Build.0 = Release|Any CPU
		{028D6CD2-9A6F-3E3E-8280-08170E77C6B7}.Debug|Any CPU.ActiveCfg = Debug|Any CPU
		{028D6CD2-9A6F-3E3E-8280-08170E77C6B7}.Debug|Any CPU.Build.0 = Debug|Any CPU
		{028D6CD2-9A6F-3E3E-8280-08170E77C6B7}.Release|Any CPU.ActiveCfg = Release|Any CPU
		{028D6CD2-9A6F-3E3E-8280-08170E77C6B7}.Release|Any CPU.Build.0 = Release|Any CPU
		{D6A9D69F-EE94-E8F0-B0B5-265ECD6A6D9D}.Debug|Any CPU.ActiveCfg = Debug|Any CPU
		{D6A9D69F-EE94-E8F0-B0B5-265ECD6A6D9D}.Debug|Any CPU.Build.0 = Debug|Any CPU
		{D6A9D69F-EE94-E8F0-B0B5-265ECD6A6D9D}.Release|Any CPU.ActiveCfg = Release|Any CPU
		{D6A9D69F-EE94-E8F0-B0B5-265ECD6A6D9D}.Release|Any CPU.Build.0 = Release|Any CPU
		{D37138D6-8203-1A5D-D8E0-4947352F4685}.Debug|Any CPU.ActiveCfg = Debug|Any CPU
		{D37138D6-8203-1A5D-D8E0-4947352F4685}.Debug|Any CPU.Build.0 = Debug|Any CPU
		{D37138D6-8203-1A5D-D8E0-4947352F4685}.Release|Any CPU.ActiveCfg = Release|Any CPU
		{D37138D6-8203-1A5D-D8E0-4947352F4685}.Release|Any CPU.Build.0 = Release|Any CPU
		{4B311587-163E-9287-7390-114D32C6F3D6}.Debug|Any CPU.ActiveCfg = Debug|Any CPU
		{4B311587-163E-9287-7390-114D32C6F3D6}.Debug|Any CPU.Build.0 = Debug|Any CPU
		{4B311587-163E-9287-7390-114D32C6F3D6}.Release|Any CPU.ActiveCfg = Release|Any CPU
		{4B311587-163E-9287-7390-114D32C6F3D6}.Release|Any CPU.Build.0 = Release|Any CPU
	EndGlobalSection
	GlobalSection(SolutionProperties) = preSolution
		HideSolutionNode = FALSE
	EndGlobalSection
EndGlobal
